PODS:
  - Alamofire (4.7.3)
  - HandyJSON (4.2.0-beta1)
  - JRefresh (1.4.0)
  - Kingfisher (4.8.1)
  - Moya/Core (11.0.2):
    - Alamofire (~> 4.1)
    - Result (~> 3.0)
  - Moya/RxSwift (11.0.2):
    - Moya/Core
    - RxSwift (~> 4.0)
  - ObjectMapper (3.3.0)
  - PhotoBrowserSwift (0.0.3):
    - Kingfisher
  - PYSearch (0.9.0)
  - QMUIKit (2.7.6):
    - QMUIKit/QMUIComponents (= 2.7.6)
    - QMUIKit/QMUICore (= 2.7.6)
    - QMUIKit/QMUILog (= 2.7.6)
    - QMUIKit/QMUIMainFrame (= 2.7.6)
    - QMUIKit/QMUIResources (= 2.7.6)
    - QMUIKit/QMUIWeakObjectContainer (= 2.7.6)
  - QMUIKit/QMUIComponents (2.7.6):
    - QMUIKit/QMUIComponents/NavigationBarTransition (= 2.7.6)
    - QMUIKit/QMUIComponents/QMUIAlertController (= 2.7.6)
    - QMUIKit/QMUIComponents/QMUIAssetLibrary (= 2.7.6)
    - QMUIKit/QMUIComponents/QMUIBadge (= 2.7.6)
    - QMUIKit/QMUIComponents/QMUIButton (= 2.7.6)
    - QMUIKit/QMUIComponents/QMUICAAnimationExtension (= 2.7.6)
    - QMUIKit/QMUIComponents/QMUICellHeightCache (= 2.7.6)
    - QMUIKit/QMUIComponents/QMUICellHeightKeyCache (= 2.7.6)
    - QMUIKit/QMUIComponents/QMUICellSizeKeyCache (= 2.7.6)
    - QMUIKit/QMUIComponents/QMUICollectionViewPagingLayout (= 2.7.6)
    - QMUIKit/QMUIComponents/QMUIDialogViewController (= 2.7.6)
    - QMUIKit/QMUIComponents/QMUIEmotionInputManager (= 2.7.6)
    - QMUIKit/QMUIComponents/QMUIEmotionView (= 2.7.6)
    - QMUIKit/QMUIComponents/QMUIEmptyView (= 2.7.6)
    - QMUIKit/QMUIComponents/QMUIFillButton (= 2.7.6)
    - QMUIKit/QMUIComponents/QMUIFloatLayoutView (= 2.7.6)
    - QMUIKit/QMUIComponents/QMUIGhostButton (= 2.7.6)
    - QMUIKit/QMUIComponents/QMUIGridView (= 2.7.6)
    - QMUIKit/QMUIComponents/QMUIImagePickerLibrary (= 2.7.6)
    - QMUIKit/QMUIComponents/QMUIImagePreviewView (= 2.7.6)
    - QMUIKit/QMUIComponents/QMUIImagePreviewViewController (= 2.7.6)
    - QMUIKit/QMUIComponents/QMUIKeyboardManager (= 2.7.6)
    - QMUIKit/QMUIComponents/QMUILabel (= 2.7.6)
    - QMUIKit/QMUIComponents/QMUILinkButton (= 2.7.6)
    - QMUIKit/QMUIComponents/QMUILogManagerViewController (= 2.7.6)
    - QMUIKit/QMUIComponents/QMUILogWithConfigurationSupported (= 2.7.6)
    - QMUIKit/QMUIComponents/QMUIMarqueeLabel (= 2.7.6)
    - QMUIKit/QMUIComponents/QMUIModalPresentationViewController (= 2.7.6)
    - QMUIKit/QMUIComponents/QMUIMoreOperationController (= 2.7.6)
    - QMUIKit/QMUIComponents/QMUIMultipleDelegates (= 2.7.6)
    - QMUIKit/QMUIComponents/QMUINavigationButton (= 2.7.6)
    - QMUIKit/QMUIComponents/QMUINavigationTitleView (= 2.7.6)
    - QMUIKit/QMUIComponents/QMUIOrderedDictionary (= 2.7.6)
    - QMUIKit/QMUIComponents/QMUIPieProgressView (= 2.7.6)
    - QMUIKit/QMUIComponents/QMUIPopupContainerView (= 2.7.6)
    - QMUIKit/QMUIComponents/QMUIPopupMenuView (= 2.7.6)
    - QMUIKit/QMUIComponents/QMUISearchBar (= 2.7.6)
    - QMUIKit/QMUIComponents/QMUISearchController (= 2.7.6)
    - QMUIKit/QMUIComponents/QMUISegmentedControl (= 2.7.6)
    - QMUIKit/QMUIComponents/QMUISlider (= 2.7.6)
    - QMUIKit/QMUIComponents/QMUIStaticTableView (= 2.7.6)
    - QMUIKit/QMUIComponents/QMUITableView (= 2.7.6)
    - QMUIKit/QMUIComponents/QMUITableViewCell (= 2.7.6)
    - QMUIKit/QMUIComponents/QMUITableViewHeaderFooterView (= 2.7.6)
    - QMUIKit/QMUIComponents/QMUITableViewProtocols (= 2.7.6)
    - QMUIKit/QMUIComponents/QMUITestView (= 2.7.6)
    - QMUIKit/QMUIComponents/QMUITextField (= 2.7.6)
    - QMUIKit/QMUIComponents/QMUITextView (= 2.7.6)
    - QMUIKit/QMUIComponents/QMUITips (= 2.7.6)
    - QMUIKit/QMUIComponents/QMUIToastView (= 2.7.6)
    - QMUIKit/QMUIComponents/QMUIToolbarButton (= 2.7.6)
    - QMUIKit/QMUIComponents/QMUIVisualEffectView (= 2.7.6)
    - QMUIKit/QMUIComponents/QMUIZoomImageView (= 2.7.6)
    - QMUIKit/QMUICore
  - QMUIKit/QMUIComponents/NavigationBarTransition (2.7.6):
    - QMUIKit/QMUIComponents/QMUINavigationTitleView
    - QMUIKit/QMUICore
    - QMUIKit/QMUIMainFrame
  - QMUIKit/QMUIComponents/QMUIAlertController (2.7.6):
    - QMUIKit/QMUIComponents/QMUIButton
    - QMUIKit/QMUIComponents/QMUIModalPresentationViewController
    - QMUIKit/QMUIComponents/QMUITextField
    - QMUIKit/QMUICore
  - QMUIKit/QMUIComponents/QMUIAssetLibrary (2.7.6):
    - QMUIKit/QMUICore
  - QMUIKit/QMUIComponents/QMUIBadge (2.7.6):
    - QMUIKit/QMUIComponents/QMUILabel
    - QMUIKit/QMUICore
  - QMUIKit/QMUIComponents/QMUIButton (2.7.6):
    - QMUIKit/QMUICore
  - QMUIKit/QMUIComponents/QMUICAAnimationExtension (2.7.6):
    - QMUIKit/QMUIComponents/QMUIMultipleDelegates
    - QMUIKit/QMUICore
  - QMUIKit/QMUIComponents/QMUICellHeightCache (2.7.6):
    - QMUIKit/QMUIComponents/QMUITableViewProtocols
    - QMUIKit/QMUICore
  - QMUIKit/QMUIComponents/QMUICellHeightKeyCache (2.7.6):
    - QMUIKit/QMUIComponents/QMUITableViewProtocols
    - QMUIKit/QMUICore
  - QMUIKit/QMUIComponents/QMUICellSizeKeyCache (2.7.6):
    - QMUIKit/QMUICore
  - QMUIKit/QMUIComponents/QMUICollectionViewPagingLayout (2.7.6):
    - QMUIKit/QMUICore
  - QMUIKit/QMUIComponents/QMUIDialogViewController (2.7.6):
    - QMUIKit/QMUIComponents/QMUIButton
    - QMUIKit/QMUIComponents/QMUILabel
    - QMUIKit/QMUIComponents/QMUIModalPresentationViewController
    - QMUIKit/QMUIComponents/QMUINavigationTitleView
    - QMUIKit/QMUIComponents/QMUITableView
    - QMUIKit/QMUIComponents/QMUITableViewCell
    - QMUIKit/QMUIComponents/QMUITextField
    - QMUIKit/QMUICore
    - QMUIKit/QMUIMainFrame
  - QMUIKit/QMUIComponents/QMUIEmotionInputManager (2.7.6):
    - QMUIKit/QMUIComponents/QMUIEmotionView
    - QMUIKit/QMUICore
  - QMUIKit/QMUIComponents/QMUIEmotionView (2.7.6):
    - QMUIKit/QMUIComponents/QMUIButton
    - QMUIKit/QMUICore
    - QMUIKit/QMUIResources
  - QMUIKit/QMUIComponents/QMUIEmptyView (2.7.6):
    - QMUIKit/QMUICore
  - QMUIKit/QMUIComponents/QMUIFillButton (2.7.6):
    - QMUIKit/QMUIComponents/QMUIButton
    - QMUIKit/QMUICore
  - QMUIKit/QMUIComponents/QMUIFloatLayoutView (2.7.6):
    - QMUIKit/QMUICore
  - QMUIKit/QMUIComponents/QMUIGhostButton (2.7.6):
    - QMUIKit/QMUIComponents/QMUIButton
    - QMUIKit/QMUICore
  - QMUIKit/QMUIComponents/QMUIGridView (2.7.6):
    - QMUIKit/QMUICore
  - QMUIKit/QMUIComponents/QMUIImagePickerLibrary (2.7.6):
    - QMUIKit/QMUIComponents/QMUIAlertController
    - QMUIKit/QMUIComponents/QMUIAssetLibrary
    - QMUIKit/QMUIComponents/QMUIButton
    - QMUIKit/QMUIComponents/QMUIEmptyView
    - QMUIKit/QMUIComponents/QMUIImagePreviewViewController
    - QMUIKit/QMUIComponents/QMUINavigationButton
    - QMUIKit/QMUIComponents/QMUITableViewCell
    - QMUIKit/QMUIComponents/QMUIZoomImageView
    - QMUIKit/QMUICore
    - QMUIKit/QMUIMainFrame
    - QMUIKit/QMUIResources
  - QMUIKit/QMUIComponents/QMUIImagePreviewView (2.7.6):
    - QMUIKit/QMUIComponents/QMUIButton
    - QMUIKit/QMUIComponents/QMUICollectionViewPagingLayout
    - QMUIKit/QMUIComponents/QMUIEmptyView
    - QMUIKit/QMUIComponents/QMUIPieProgressView
    - QMUIKit/QMUIComponents/QMUIZoomImageView
    - QMUIKit/QMUICore
  - QMUIKit/QMUIComponents/QMUIImagePreviewViewController (2.7.6):
    - QMUIKit/QMUIComponents/QMUIImagePreviewView
    - QMUIKit/QMUICore
    - QMUIKit/QMUIMainFrame
  - QMUIKit/QMUIComponents/QMUIKeyboardManager (2.7.6):
    - QMUIKit/QMUICore
  - QMUIKit/QMUIComponents/QMUILabel (2.7.6):
    - QMUIKit/QMUICore
  - QMUIKit/QMUIComponents/QMUILinkButton (2.7.6):
    - QMUIKit/QMUIComponents/QMUIButton
    - QMUIKit/QMUICore
  - QMUIKit/QMUIComponents/QMUILogManagerViewController (2.7.6):
    - QMUIKit/QMUIComponents/QMUIPopupMenuView
    - QMUIKit/QMUIComponents/QMUISearchController
    - QMUIKit/QMUIComponents/QMUIStaticTableView
    - QMUIKit/QMUIComponents/QMUITableView
    - QMUIKit/QMUICore
    - QMUIKit/QMUIMainFrame
  - QMUIKit/QMUIComponents/QMUILogWithConfigurationSupported (2.7.6):
    - QMUIKit/QMUICore
  - QMUIKit/QMUIComponents/QMUIMarqueeLabel (2.7.6):
    - QMUIKit/QMUICore
  - QMUIKit/QMUIComponents/QMUIModalPresentationViewController (2.7.6):
    - QMUIKit/QMUIComponents/QMUIKeyboardManager
    - QMUIKit/QMUICore
  - QMUIKit/QMUIComponents/QMUIMoreOperationController (2.7.6):
    - QMUIKit/QMUIComponents/QMUIButton
    - QMUIKit/QMUIComponents/QMUIModalPresentationViewController
    - QMUIKit/QMUICore
  - QMUIKit/QMUIComponents/QMUIMultipleDelegates (2.7.6):
    - QMUIKit/QMUICore
  - QMUIKit/QMUIComponents/QMUINavigationButton (2.7.6):
    - QMUIKit/QMUICore
    - QMUIKit/QMUIMainFrame
  - QMUIKit/QMUIComponents/QMUINavigationTitleView (2.7.6):
    - QMUIKit/QMUIComponents/QMUIButton
    - QMUIKit/QMUICore
  - QMUIKit/QMUIComponents/QMUIOrderedDictionary (2.7.6):
    - QMUIKit/QMUICore
  - QMUIKit/QMUIComponents/QMUIPieProgressView (2.7.6):
    - QMUIKit/QMUICore
  - QMUIKit/QMUIComponents/QMUIPopupContainerView (2.7.6):
    - QMUIKit/QMUICore
    - QMUIKit/QMUIMainFrame
  - QMUIKit/QMUIComponents/QMUIPopupMenuView (2.7.6):
    - QMUIKit/QMUIComponents/QMUIButton
    - QMUIKit/QMUIComponents/QMUIPopupContainerView
    - QMUIKit/QMUICore
  - QMUIKit/QMUIComponents/QMUISearchBar (2.7.6):
    - QMUIKit/QMUICore
  - QMUIKit/QMUIComponents/QMUISearchController (2.7.6):
    - QMUIKit/QMUIComponents/QMUIEmptyView
    - QMUIKit/QMUIComponents/QMUISearchBar
    - QMUIKit/QMUICore
    - QMUIKit/QMUIMainFrame
  - QMUIKit/QMUIComponents/QMUISegmentedControl (2.7.6):
    - QMUIKit/QMUICore
  - QMUIKit/QMUIComponents/QMUISlider (2.7.6):
    - QMUIKit/QMUICore
  - QMUIKit/QMUIComponents/QMUIStaticTableView (2.7.6):
    - QMUIKit/QMUIComponents/QMUITableViewCell
    - QMUIKit/QMUICore
  - QMUIKit/QMUIComponents/QMUITableView (2.7.6):
    - QMUIKit/QMUIComponents/QMUITableViewProtocols
    - QMUIKit/QMUICore
  - QMUIKit/QMUIComponents/QMUITableViewCell (2.7.6):
    - QMUIKit/QMUIComponents/QMUIButton
    - QMUIKit/QMUICore
  - QMUIKit/QMUIComponents/QMUITableViewHeaderFooterView (2.7.6):
    - QMUIKit/QMUICore
  - QMUIKit/QMUIComponents/QMUITableViewProtocols (2.7.6):
    - QMUIKit/QMUICore
  - QMUIKit/QMUIComponents/QMUITestView (2.7.6):
    - QMUIKit/QMUICore
  - QMUIKit/QMUIComponents/QMUITextField (2.7.6):
    - QMUIKit/QMUIComponents/QMUIMultipleDelegates
    - QMUIKit/QMUICore
  - QMUIKit/QMUIComponents/QMUITextView (2.7.6):
    - QMUIKit/QMUIComponents/QMUILabel
    - QMUIKit/QMUIComponents/QMUIMultipleDelegates
    - QMUIKit/QMUICore
  - QMUIKit/QMUIComponents/QMUITips (2.7.6):
    - QMUIKit/QMUIComponents/QMUIToastView
    - QMUIKit/QMUICore
    - QMUIKit/QMUIResources
  - QMUIKit/QMUIComponents/QMUIToastView (2.7.6):
    - QMUIKit/QMUIComponents/QMUIKeyboardManager
    - QMUIKit/QMUICore
  - QMUIKit/QMUIComponents/QMUIToolbarButton (2.7.6):
    - QMUIKit/QMUICore
  - QMUIKit/QMUIComponents/QMUIVisualEffectView (2.7.6):
    - QMUIKit/QMUICore
  - QMUIKit/QMUIComponents/QMUIZoomImageView (2.7.6):
    - QMUIKit/QMUIComponents/QMUIAssetLibrary
    - QMUIKit/QMUIComponents/QMUIButton
    - QMUIKit/QMUIComponents/QMUIEmptyView
    - QMUIKit/QMUIComponents/QMUIPieProgressView
    - QMUIKit/QMUIComponents/QMUISlider
    - QMUIKit/QMUICore
  - QMUIKit/QMUICore (2.7.6):
    - QMUIKit/QMUILog
    - QMUIKit/QMUIWeakObjectContainer
  - QMUIKit/QMUILog (2.7.6)
  - QMUIKit/QMUIMainFrame (2.7.6):
    - QMUIKit/QMUIComponents/QMUIEmptyView
    - QMUIKit/QMUIComponents/QMUIKeyboardManager
    - QMUIKit/QMUIComponents/QMUIMultipleDelegates
    - QMUIKit/QMUIComponents/QMUINavigationTitleView
    - QMUIKit/QMUIComponents/QMUITableView
    - QMUIKit/QMUIComponents/QMUITableViewHeaderFooterView
    - QMUIKit/QMUICore
    - QMUIKit/QMUILog
  - QMUIKit/QMUIResources (2.7.6)
  - QMUIKit/QMUIWeakObjectContainer (2.7.6)
  - ReachabilitySwift (4.2.1)
  - Result (3.2.4)
  - RxSwift (4.2.0)
  - SnapKit (4.0.0)
  - TYPagerController (2.1.2)

DEPENDENCIES:
  - HandyJSON (~> 4.2.0-beta1)
  - JRefresh (~> 1.4.0)
  - Kingfisher (~> 4.8.1)
  - Moya/RxSwift (~> 11.0)
  - ObjectMapper (~> 3.3.0)
  - PhotoBrowserSwift (~> 0.0.3)
  - PYSearch (~> 0.9.0)
  - QMUIKit (~> 2.7.6)
  - ReachabilitySwift
  - SnapKit (~> 4.0.0)
  - TYPagerController (~> 2.1.2)

SPEC CHECKSUMS:
  Alamofire: c7287b6e5d7da964a70935e5db17046b7fde6568
  HandyJSON: 6e8bf08c47be3680cb369f12fb427127f52b9419
  JRefresh: b7351faf3a8890ddbd1bcaa738501cc1352c954f
  Kingfisher: 868c1149679a7ab6869be118faa9b5aed154aaf0
  Moya: a725035953bc1c0eb1be505ab903984501d82440
  ObjectMapper: b612bf8c8e99c4dc0bb6013a51f7c27966ed5da9
  PhotoBrowserSwift: 6442a91cd4fba0c95377e03b4b4b57fa330bf48a
  PYSearch: 55175e6046e2e1b5236a90c780351988e914a015
  QMUIKit: ab15c235c8377535c7448eeafbc7f79118ca8a24
  ReachabilitySwift: 35720ffea59c1c76d15f885be77fd33e33985427
  Result: d2d07204ce72856f1fd9130bbe42c35a7b0fea10
  RxSwift: 99e10317ddfcc7fbe01356aafd118fde4a0be104
  SnapKit: a42d492c16e80209130a3379f73596c3454b7694
  TYPagerController: 262556ecef99986d26ed77fb1288a198ed42f4af

PODFILE CHECKSUM: 1f1a965f152005b3d378359d6003cac6b7c4430d

COCOAPODS: 1.4.0
