// !$*UTF8*$!
{
	archiveVersion = 1;
	classes = {
	};
	objectVersion = 50;
	objects = {

/* Begin PBXBuildFile section */
		0D277046031F4DDFF6A256B6 /* Pods_GigaShopTests.framework in Frameworks */ = {isa = PBXBuildFile; fileRef = 6167DF4B174EDB0B54B84869 /* Pods_GigaShopTests.framework */; };
		CF7B15FF7B1321EE45A736D4 /* Pods_GigaShop.framework in Frameworks */ = {isa = PBXBuildFile; fileRef = E8C075BA595FD378A5D67E76 /* Pods_GigaShop.framework */; };
		D508B69921AB956A00FC3363 /* GSGoodLardCommentTabCell.swift in Sources */ = {isa = PBXBuildFile; fileRef = D508B69821AB956A00FC3363 /* GSGoodLardCommentTabCell.swift */; };
		D5128C1721A2BBAF0045AC39 /* GSGoodCommentTableView.swift in Sources */ = {isa = PBXBuildFile; fileRef = D5128C1621A2BBAF0045AC39 /* GSGoodCommentTableView.swift */; };
		D5128C1921A2BCED0045AC39 /* GSGoodCommetTableCell.swift in Sources */ = {isa = PBXBuildFile; fileRef = D5128C1821A2BCED0045AC39 /* GSGoodCommetTableCell.swift */; };
		D5128C1B21A3D6BD0045AC39 /* GSGoodPicBrowerView.swift in Sources */ = {isa = PBXBuildFile; fileRef = D5128C1A21A3D6BD0045AC39 /* GSGoodPicBrowerView.swift */; };
		D5128C1D21A3DD8A0045AC39 /* GSGoodCommentStar.swift in Sources */ = {isa = PBXBuildFile; fileRef = D5128C1C21A3DD8A0045AC39 /* GSGoodCommentStar.swift */; };
		D5128C2121A3F5DC0045AC39 /* GSCategoryListController.swift in Sources */ = {isa = PBXBuildFile; fileRef = D5128C2021A3F5DC0045AC39 /* GSCategoryListController.swift */; };
		D5128C2421A406A20045AC39 /* GSCateListConditionView.swift in Sources */ = {isa = PBXBuildFile; fileRef = D5128C2321A406A20045AC39 /* GSCateListConditionView.swift */; };
		D5128C2621A40F6F0045AC39 /* GSCategoryListTableCell.swift in Sources */ = {isa = PBXBuildFile; fileRef = D5128C2521A40F6F0045AC39 /* GSCategoryListTableCell.swift */; };
		D5128C2821A4EE6C0045AC39 /* GSCateListPopSetPriceView.swift in Sources */ = {isa = PBXBuildFile; fileRef = D5128C2721A4EE6C0045AC39 /* GSCateListPopSetPriceView.swift */; };
		D52BD60E21C49B1100435F7E /* ShopGigaModel.swift in Sources */ = {isa = PBXBuildFile; fileRef = D52BD60D21C49B1100435F7E /* ShopGigaModel.swift */; };
		D52BD61021C883F600435F7E /* GSTips.swift in Sources */ = {isa = PBXBuildFile; fileRef = D52BD60F21C883F600435F7E /* GSTips.swift */; };
		D52BD61221C88AF300435F7E /* GSMineParentOrderController.swift in Sources */ = {isa = PBXBuildFile; fileRef = D52BD61121C88AF300435F7E /* GSMineParentOrderController.swift */; };
		D52BD61421C8C88F00435F7E /* GSMineAllOrderController.swift in Sources */ = {isa = PBXBuildFile; fileRef = D52BD61321C8C88F00435F7E /* GSMineAllOrderController.swift */; };
		D52BD61621C8CC6A00435F7E /* GSMineTableViewOrderCell.swift in Sources */ = {isa = PBXBuildFile; fileRef = D52BD61521C8CC6A00435F7E /* GSMineTableViewOrderCell.swift */; };
		D52BD61821C8D13900435F7E /* GSMineSingleTableCell.swift in Sources */ = {isa = PBXBuildFile; fileRef = D52BD61721C8D13900435F7E /* GSMineSingleTableCell.swift */; };
		D52BD61A21C8EC3200435F7E /* GSMineCollectionTableCell.swift in Sources */ = {isa = PBXBuildFile; fileRef = D52BD61921C8EC3200435F7E /* GSMineCollectionTableCell.swift */; };
		D52BD61C21C9D4ED00435F7E /* GSDefinition.swift in Sources */ = {isa = PBXBuildFile; fileRef = D52BD61B21C9D4ED00435F7E /* GSDefinition.swift */; };
		D52BD61E21CA179000435F7E /* GSMineCollectionController.swift in Sources */ = {isa = PBXBuildFile; fileRef = D52BD61D21CA179000435F7E /* GSMineCollectionController.swift */; };
		D59B161721CB87B900F9CDA5 /* RealmSwift.framework in Frameworks */ = {isa = PBXBuildFile; fileRef = D59B161021CB851000F9CDA5 /* RealmSwift.framework */; };
		D59B161821CB87B900F9CDA5 /* RealmSwift.framework in Embed Frameworks */ = {isa = PBXBuildFile; fileRef = D59B161021CB851000F9CDA5 /* RealmSwift.framework */; settings = {ATTRIBUTES = (CodeSignOnCopy, RemoveHeadersOnCopy, ); }; };
		D59B161C21CB884400F9CDA5 /* Realm.framework in Frameworks */ = {isa = PBXBuildFile; fileRef = D59B161A21CB883900F9CDA5 /* Realm.framework */; };
		D59B161D21CB884400F9CDA5 /* Realm.framework in Embed Frameworks */ = {isa = PBXBuildFile; fileRef = D59B161A21CB883900F9CDA5 /* Realm.framework */; settings = {ATTRIBUTES = (CodeSignOnCopy, RemoveHeadersOnCopy, ); }; };
		D59B161F21CB8AAD00F9CDA5 /* GSRealmObject.swift in Sources */ = {isa = PBXBuildFile; fileRef = D59B161E21CB8AAD00F9CDA5 /* GSRealmObject.swift */; };
		D5F02B9521967281000C9E38 /* AppDelegate.swift in Sources */ = {isa = PBXBuildFile; fileRef = D5F02B9421967281000C9E38 /* AppDelegate.swift */; };
		D5F02B9721967281000C9E38 /* ViewController.swift in Sources */ = {isa = PBXBuildFile; fileRef = D5F02B9621967281000C9E38 /* ViewController.swift */; };
		D5F02B9A21967281000C9E38 /* Main.storyboard in Resources */ = {isa = PBXBuildFile; fileRef = D5F02B9821967281000C9E38 /* Main.storyboard */; };
		D5F02B9C21967284000C9E38 /* Assets.xcassets in Resources */ = {isa = PBXBuildFile; fileRef = D5F02B9B21967284000C9E38 /* Assets.xcassets */; };
		D5F02B9F21967284000C9E38 /* LaunchScreen.storyboard in Resources */ = {isa = PBXBuildFile; fileRef = D5F02B9D21967284000C9E38 /* LaunchScreen.storyboard */; };
		D5F02BAA21967284000C9E38 /* GigaShopTests.swift in Sources */ = {isa = PBXBuildFile; fileRef = D5F02BA921967284000C9E38 /* GigaShopTests.swift */; };
		D5F02BB521967284000C9E38 /* GigaShopUITests.swift in Sources */ = {isa = PBXBuildFile; fileRef = D5F02BB421967284000C9E38 /* GigaShopUITests.swift */; };
		D5F02BCB2196785B000C9E38 /* Constant.swift in Sources */ = {isa = PBXBuildFile; fileRef = D5F02BC32196785B000C9E38 /* Constant.swift */; };
		D5F02BCC2196785B000C9E38 /* BaseController.swift in Sources */ = {isa = PBXBuildFile; fileRef = D5F02BC42196785B000C9E38 /* BaseController.swift */; };
		D5F02BCD2196785B000C9E38 /* GSAccount.swift in Sources */ = {isa = PBXBuildFile; fileRef = D5F02BC52196785B000C9E38 /* GSAccount.swift */; };
		D5F02BCE2196785B000C9E38 /* GSTabBarController.swift in Sources */ = {isa = PBXBuildFile; fileRef = D5F02BC62196785B000C9E38 /* GSTabBarController.swift */; };
		D5F02BCF2196785B000C9E38 /* MoyaRequestResource.swift in Sources */ = {isa = PBXBuildFile; fileRef = D5F02BC82196785B000C9E38 /* MoyaRequestResource.swift */; };
		D5F02BD02196785B000C9E38 /* MoyaTargetType.swift in Sources */ = {isa = PBXBuildFile; fileRef = D5F02BC92196785B000C9E38 /* MoyaTargetType.swift */; };
		D5F02BD12196785B000C9E38 /* ToModelExtensions.swift in Sources */ = {isa = PBXBuildFile; fileRef = D5F02BCA2196785B000C9E38 /* ToModelExtensions.swift */; };
		D5F02BD421967952000C9E38 /* CMToolExtension.swift in Sources */ = {isa = PBXBuildFile; fileRef = D5F02BD321967951000C9E38 /* CMToolExtension.swift */; };
		D5F02BDA21967AF8000C9E38 /* GSMineController.swift in Sources */ = {isa = PBXBuildFile; fileRef = D5F02BD921967AF8000C9E38 /* GSMineController.swift */; };
		D5F02BDC21967B08000C9E38 /* GSCartController.swift in Sources */ = {isa = PBXBuildFile; fileRef = D5F02BDB21967B08000C9E38 /* GSCartController.swift */; };
		D5F02BDE21967B1C000C9E38 /* GSCategoryController.swift in Sources */ = {isa = PBXBuildFile; fileRef = D5F02BDD21967B1C000C9E38 /* GSCategoryController.swift */; };
		D5F02BE021967B2E000C9E38 /* GSHomeController.swift in Sources */ = {isa = PBXBuildFile; fileRef = D5F02BDF21967B2E000C9E38 /* GSHomeController.swift */; };
		D5F02BE72196BDDC000C9E38 /* Localizable.strings in Resources */ = {isa = PBXBuildFile; fileRef = D5F02BE92196BDDC000C9E38 /* Localizable.strings */; };
		D5F02BEE2196C18B000C9E38 /* InfoPlist.strings in Resources */ = {isa = PBXBuildFile; fileRef = D5F02BF02196C18B000C9E38 /* InfoPlist.strings */; };
		D5F02BF52196C813000C9E38 /* GSHomeTopView.swift in Sources */ = {isa = PBXBuildFile; fileRef = D5F02BF42196C813000C9E38 /* GSHomeTopView.swift */; };
		D5F1769A21D082720047CF0C /* GSStarView.swift in Sources */ = {isa = PBXBuildFile; fileRef = D5F1769921D082720047CF0C /* GSStarView.swift */; };
		D5F1769C21D22F210047CF0C /* SystemConfiguration.framework in Frameworks */ = {isa = PBXBuildFile; fileRef = D5F1769B21D22F210047CF0C /* SystemConfiguration.framework */; };
		D5FC57A42199170400AB19CF /* CellFlowLayout.swift in Sources */ = {isa = PBXBuildFile; fileRef = D5FC57A12199170400AB19CF /* CellFlowLayout.swift */; };
		D5FC57A52199170400AB19CF /* CycleCell.swift in Sources */ = {isa = PBXBuildFile; fileRef = D5FC57A22199170400AB19CF /* CycleCell.swift */; };
		D5FC57A62199170400AB19CF /* CycleView.swift in Sources */ = {isa = PBXBuildFile; fileRef = D5FC57A32199170400AB19CF /* CycleView.swift */; };
		D5FC57A82199281800AB19CF /* GSHomeCateGridTabCell.swift in Sources */ = {isa = PBXBuildFile; fileRef = D5FC57A72199281800AB19CF /* GSHomeCateGridTabCell.swift */; };
		D5FC57AA219955A700AB19CF /* GSHomeMonoTabCell.swift in Sources */ = {isa = PBXBuildFile; fileRef = D5FC57A9219955A700AB19CF /* GSHomeMonoTabCell.swift */; };
		D5FC57AC2199666200AB19CF /* GSHomeImagesTabCell.swift in Sources */ = {isa = PBXBuildFile; fileRef = D5FC57AB2199666200AB19CF /* GSHomeImagesTabCell.swift */; };
		D5FC57AE2199701D00AB19CF /* GSHomeMustTabCell.swift in Sources */ = {isa = PBXBuildFile; fileRef = D5FC57AD2199701D00AB19CF /* GSHomeMustTabCell.swift */; };
		D5FC57B121997C6E00AB19CF /* GSCateIndexCollectView.swift in Sources */ = {isa = PBXBuildFile; fileRef = D5FC57B021997C6E00AB19CF /* GSCateIndexCollectView.swift */; };
		D5FC57B321997C9100AB19CF /* GSCateValueColllectView.swift in Sources */ = {isa = PBXBuildFile; fileRef = D5FC57B221997C9100AB19CF /* GSCateValueColllectView.swift */; };
		D5FC57B5219A6C1200AB19CF /* GSCateValueTabCell.swift in Sources */ = {isa = PBXBuildFile; fileRef = D5FC57B4219A6C1200AB19CF /* GSCateValueTabCell.swift */; };
		D5FC57B8219AAB2700AB19CF /* GSMineOrderStateTabCell.swift in Sources */ = {isa = PBXBuildFile; fileRef = D5FC57B7219AAB2700AB19CF /* GSMineOrderStateTabCell.swift */; };
		D5FC57BA219AAD3D00AB19CF /* GSMineTopView.swift in Sources */ = {isa = PBXBuildFile; fileRef = D5FC57B9219AAD3D00AB19CF /* GSMineTopView.swift */; };
		D5FC57BC219ABEB300AB19CF /* GSMineServeTabCell.swift in Sources */ = {isa = PBXBuildFile; fileRef = D5FC57BB219ABEB300AB19CF /* GSMineServeTabCell.swift */; };
		D5FC57BF219ACAAA00AB19CF /* GSCartGoodTabCell.swift in Sources */ = {isa = PBXBuildFile; fileRef = D5FC57BE219ACAAA00AB19CF /* GSCartGoodTabCell.swift */; };
		D5FC57F8219C0A2000AB19CF /* GSCartCountView.swift in Sources */ = {isa = PBXBuildFile; fileRef = D5FC57F7219C0A1F00AB19CF /* GSCartCountView.swift */; };
		D5FC57FA219D119000AB19CF /* GSCartPricePanelView.swift in Sources */ = {isa = PBXBuildFile; fileRef = D5FC57F9219D119000AB19CF /* GSCartPricePanelView.swift */; };
		D5FC57FD219D52A600AB19CF /* GSGoodDetailedMainController.swift in Sources */ = {isa = PBXBuildFile; fileRef = D5FC57FC219D52A600AB19CF /* GSGoodDetailedMainController.swift */; };
		D5FC5800219E5F5D00AB19CF /* GSGoodDetailedHeadView.swift in Sources */ = {isa = PBXBuildFile; fileRef = D5FC57FF219E5F5D00AB19CF /* GSGoodDetailedHeadView.swift */; };
		D5FC5802219E91CE00AB19CF /* GSGoodInfoTableCell.swift in Sources */ = {isa = PBXBuildFile; fileRef = D5FC5801219E91CE00AB19CF /* GSGoodInfoTableCell.swift */; };
		D5FC5804219FFAA700AB19CF /* GSGoodSelectSizeView.swift in Sources */ = {isa = PBXBuildFile; fileRef = D5FC5803219FFAA600AB19CF /* GSGoodSelectSizeView.swift */; };
		D5FC580621A0090D00AB19CF /* GSGoodSelectParamaSizeTabCell.swift in Sources */ = {isa = PBXBuildFile; fileRef = D5FC580521A0090D00AB19CF /* GSGoodSelectParamaSizeTabCell.swift */; };
		D5FC580821A2919500AB19CF /* GSGoodBuyAddShopCartView.swift in Sources */ = {isa = PBXBuildFile; fileRef = D5FC580721A2919500AB19CF /* GSGoodBuyAddShopCartView.swift */; };
		D5FC580A21A2A06800AB19CF /* GSAddShopCartTool.swift in Sources */ = {isa = PBXBuildFile; fileRef = D5FC580921A2A06800AB19CF /* GSAddShopCartTool.swift */; };
		F967FC55A659408DA68E0217 /* Pods_GigaShopUITests.framework in Frameworks */ = {isa = PBXBuildFile; fileRef = BCFFE91AE21E0DDE2EA72D30 /* Pods_GigaShopUITests.framework */; };
/* End PBXBuildFile section */

/* Begin PBXContainerItemProxy section */
		D5F02BA621967284000C9E38 /* PBXContainerItemProxy */ = {
			isa = PBXContainerItemProxy;
			containerPortal = D5F02B8921967281000C9E38 /* Project object */;
			proxyType = 1;
			remoteGlobalIDString = D5F02B9021967281000C9E38;
			remoteInfo = GigaShop;
		};
		D5F02BB121967284000C9E38 /* PBXContainerItemProxy */ = {
			isa = PBXContainerItemProxy;
			containerPortal = D5F02B8921967281000C9E38 /* Project object */;
			proxyType = 1;
			remoteGlobalIDString = D5F02B9021967281000C9E38;
			remoteInfo = GigaShop;
		};
/* End PBXContainerItemProxy section */

/* Begin PBXCopyFilesBuildPhase section */
		D59B161921CB87B900F9CDA5 /* Embed Frameworks */ = {
			isa = PBXCopyFilesBuildPhase;
			buildActionMask = 2147483647;
			dstPath = "";
			dstSubfolderSpec = 10;
			files = (
				D59B161D21CB884400F9CDA5 /* Realm.framework in Embed Frameworks */,
				D59B161821CB87B900F9CDA5 /* RealmSwift.framework in Embed Frameworks */,
			);
			name = "Embed Frameworks";
			runOnlyForDeploymentPostprocessing = 0;
		};
/* End PBXCopyFilesBuildPhase section */

/* Begin PBXFileReference section */
		05738806FB8D5AD8FABD82A1 /* Pods-GigaShopUITests.release.xcconfig */ = {isa = PBXFileReference; includeInIndex = 1; lastKnownFileType = text.xcconfig; name = "Pods-GigaShopUITests.release.xcconfig"; path = "Pods/Target Support Files/Pods-GigaShopUITests/Pods-GigaShopUITests.release.xcconfig"; sourceTree = "<group>"; };
		122EE30EF15E77479B62E739 /* Pods-GigaShopTests.release.xcconfig */ = {isa = PBXFileReference; includeInIndex = 1; lastKnownFileType = text.xcconfig; name = "Pods-GigaShopTests.release.xcconfig"; path = "Pods/Target Support Files/Pods-GigaShopTests/Pods-GigaShopTests.release.xcconfig"; sourceTree = "<group>"; };
		2AA60EBEA02BE3D4249A84AF /* Pods-GigaShopUITests.debug.xcconfig */ = {isa = PBXFileReference; includeInIndex = 1; lastKnownFileType = text.xcconfig; name = "Pods-GigaShopUITests.debug.xcconfig"; path = "Pods/Target Support Files/Pods-GigaShopUITests/Pods-GigaShopUITests.debug.xcconfig"; sourceTree = "<group>"; };
		3776E0C2A4B45E0688DF0B44 /* Pods-GigaShop.release.xcconfig */ = {isa = PBXFileReference; includeInIndex = 1; lastKnownFileType = text.xcconfig; name = "Pods-GigaShop.release.xcconfig"; path = "Pods/Target Support Files/Pods-GigaShop/Pods-GigaShop.release.xcconfig"; sourceTree = "<group>"; };
		6167DF4B174EDB0B54B84869 /* Pods_GigaShopTests.framework */ = {isa = PBXFileReference; explicitFileType = wrapper.framework; includeInIndex = 0; path = Pods_GigaShopTests.framework; sourceTree = BUILT_PRODUCTS_DIR; };
		95E8A0CF7351E6E59F2DDBA7 /* Pods-GigaShopTests.debug.xcconfig */ = {isa = PBXFileReference; includeInIndex = 1; lastKnownFileType = text.xcconfig; name = "Pods-GigaShopTests.debug.xcconfig"; path = "Pods/Target Support Files/Pods-GigaShopTests/Pods-GigaShopTests.debug.xcconfig"; sourceTree = "<group>"; };
		BCFFE91AE21E0DDE2EA72D30 /* Pods_GigaShopUITests.framework */ = {isa = PBXFileReference; explicitFileType = wrapper.framework; includeInIndex = 0; path = Pods_GigaShopUITests.framework; sourceTree = BUILT_PRODUCTS_DIR; };
		D508B69821AB956A00FC3363 /* GSGoodLardCommentTabCell.swift */ = {isa = PBXFileReference; lastKnownFileType = sourcecode.swift; path = GSGoodLardCommentTabCell.swift; sourceTree = "<group>"; };
		D5128C1621A2BBAF0045AC39 /* GSGoodCommentTableView.swift */ = {isa = PBXFileReference; lastKnownFileType = sourcecode.swift; path = GSGoodCommentTableView.swift; sourceTree = "<group>"; };
		D5128C1821A2BCED0045AC39 /* GSGoodCommetTableCell.swift */ = {isa = PBXFileReference; lastKnownFileType = sourcecode.swift; path = GSGoodCommetTableCell.swift; sourceTree = "<group>"; };
		D5128C1A21A3D6BD0045AC39 /* GSGoodPicBrowerView.swift */ = {isa = PBXFileReference; lastKnownFileType = sourcecode.swift; path = GSGoodPicBrowerView.swift; sourceTree = "<group>"; };
		D5128C1C21A3DD8A0045AC39 /* GSGoodCommentStar.swift */ = {isa = PBXFileReference; lastKnownFileType = sourcecode.swift; path = GSGoodCommentStar.swift; sourceTree = "<group>"; };
		D5128C1E21A3EE4D0045AC39 /* GigaShop-Bridging-Header.h */ = {isa = PBXFileReference; lastKnownFileType = sourcecode.c.h; path = "GigaShop-Bridging-Header.h"; sourceTree = "<group>"; };
		D5128C2021A3F5DC0045AC39 /* GSCategoryListController.swift */ = {isa = PBXFileReference; lastKnownFileType = sourcecode.swift; path = GSCategoryListController.swift; sourceTree = "<group>"; };
		D5128C2321A406A20045AC39 /* GSCateListConditionView.swift */ = {isa = PBXFileReference; lastKnownFileType = sourcecode.swift; path = GSCateListConditionView.swift; sourceTree = "<group>"; };
		D5128C2521A40F6F0045AC39 /* GSCategoryListTableCell.swift */ = {isa = PBXFileReference; lastKnownFileType = sourcecode.swift; path = GSCategoryListTableCell.swift; sourceTree = "<group>"; };
		D5128C2721A4EE6C0045AC39 /* GSCateListPopSetPriceView.swift */ = {isa = PBXFileReference; lastKnownFileType = sourcecode.swift; path = GSCateListPopSetPriceView.swift; sourceTree = "<group>"; };
		D52BD60D21C49B1100435F7E /* ShopGigaModel.swift */ = {isa = PBXFileReference; lastKnownFileType = sourcecode.swift; path = ShopGigaModel.swift; sourceTree = "<group>"; };
		D52BD60F21C883F600435F7E /* GSTips.swift */ = {isa = PBXFileReference; lastKnownFileType = sourcecode.swift; path = GSTips.swift; sourceTree = "<group>"; };
		D52BD61121C88AF300435F7E /* GSMineParentOrderController.swift */ = {isa = PBXFileReference; lastKnownFileType = sourcecode.swift; path = GSMineParentOrderController.swift; sourceTree = "<group>"; };
		D52BD61321C8C88F00435F7E /* GSMineAllOrderController.swift */ = {isa = PBXFileReference; lastKnownFileType = sourcecode.swift; path = GSMineAllOrderController.swift; sourceTree = "<group>"; };
		D52BD61521C8CC6A00435F7E /* GSMineTableViewOrderCell.swift */ = {isa = PBXFileReference; lastKnownFileType = sourcecode.swift; path = GSMineTableViewOrderCell.swift; sourceTree = "<group>"; };
		D52BD61721C8D13900435F7E /* GSMineSingleTableCell.swift */ = {isa = PBXFileReference; lastKnownFileType = sourcecode.swift; path = GSMineSingleTableCell.swift; sourceTree = "<group>"; };
		D52BD61921C8EC3200435F7E /* GSMineCollectionTableCell.swift */ = {isa = PBXFileReference; lastKnownFileType = sourcecode.swift; path = GSMineCollectionTableCell.swift; sourceTree = "<group>"; };
		D52BD61B21C9D4ED00435F7E /* GSDefinition.swift */ = {isa = PBXFileReference; lastKnownFileType = sourcecode.swift; path = GSDefinition.swift; sourceTree = "<group>"; };
		D52BD61D21CA179000435F7E /* GSMineCollectionController.swift */ = {isa = PBXFileReference; lastKnownFileType = sourcecode.swift; path = GSMineCollectionController.swift; sourceTree = "<group>"; };
		D59B161021CB851000F9CDA5 /* RealmSwift.framework */ = {isa = PBXFileReference; lastKnownFileType = wrapper.framework; path = RealmSwift.framework; sourceTree = "<group>"; };
		D59B161A21CB883900F9CDA5 /* Realm.framework */ = {isa = PBXFileReference; lastKnownFileType = wrapper.framework; path = Realm.framework; sourceTree = "<group>"; };
		D59B161E21CB8AAD00F9CDA5 /* GSRealmObject.swift */ = {isa = PBXFileReference; lastKnownFileType = sourcecode.swift; path = GSRealmObject.swift; sourceTree = "<group>"; };
		D5F02B9121967281000C9E38 /* GigaShop.app */ = {isa = PBXFileReference; explicitFileType = wrapper.application; includeInIndex = 0; path = GigaShop.app; sourceTree = BUILT_PRODUCTS_DIR; };
		D5F02B9421967281000C9E38 /* AppDelegate.swift */ = {isa = PBXFileReference; lastKnownFileType = sourcecode.swift; path = AppDelegate.swift; sourceTree = "<group>"; };
		D5F02B9621967281000C9E38 /* ViewController.swift */ = {isa = PBXFileReference; lastKnownFileType = sourcecode.swift; path = ViewController.swift; sourceTree = "<group>"; };
		D5F02B9921967281000C9E38 /* Base */ = {isa = PBXFileReference; lastKnownFileType = file.storyboard; name = Base; path = Base.lproj/Main.storyboard; sourceTree = "<group>"; };
		D5F02B9B21967284000C9E38 /* Assets.xcassets */ = {isa = PBXFileReference; lastKnownFileType = folder.assetcatalog; path = Assets.xcassets; sourceTree = "<group>"; };
		D5F02B9E21967284000C9E38 /* Base */ = {isa = PBXFileReference; lastKnownFileType = file.storyboard; name = Base; path = Base.lproj/LaunchScreen.storyboard; sourceTree = "<group>"; };
		D5F02BA021967284000C9E38 /* Info.plist */ = {isa = PBXFileReference; lastKnownFileType = text.plist.xml; path = Info.plist; sourceTree = "<group>"; };
		D5F02BA521967284000C9E38 /* GigaShopTests.xctest */ = {isa = PBXFileReference; explicitFileType = wrapper.cfbundle; includeInIndex = 0; path = GigaShopTests.xctest; sourceTree = BUILT_PRODUCTS_DIR; };
		D5F02BA921967284000C9E38 /* GigaShopTests.swift */ = {isa = PBXFileReference; lastKnownFileType = sourcecode.swift; path = GigaShopTests.swift; sourceTree = "<group>"; };
		D5F02BAB21967284000C9E38 /* Info.plist */ = {isa = PBXFileReference; lastKnownFileType = text.plist.xml; path = Info.plist; sourceTree = "<group>"; };
		D5F02BB021967284000C9E38 /* GigaShopUITests.xctest */ = {isa = PBXFileReference; explicitFileType = wrapper.cfbundle; includeInIndex = 0; path = GigaShopUITests.xctest; sourceTree = BUILT_PRODUCTS_DIR; };
		D5F02BB421967284000C9E38 /* GigaShopUITests.swift */ = {isa = PBXFileReference; lastKnownFileType = sourcecode.swift; path = GigaShopUITests.swift; sourceTree = "<group>"; };
		D5F02BB621967284000C9E38 /* Info.plist */ = {isa = PBXFileReference; lastKnownFileType = text.plist.xml; path = Info.plist; sourceTree = "<group>"; };
		D5F02BC32196785B000C9E38 /* Constant.swift */ = {isa = PBXFileReference; fileEncoding = 4; lastKnownFileType = sourcecode.swift; path = Constant.swift; sourceTree = "<group>"; };
		D5F02BC42196785B000C9E38 /* BaseController.swift */ = {isa = PBXFileReference; fileEncoding = 4; lastKnownFileType = sourcecode.swift; path = BaseController.swift; sourceTree = "<group>"; };
		D5F02BC52196785B000C9E38 /* GSAccount.swift */ = {isa = PBXFileReference; fileEncoding = 4; lastKnownFileType = sourcecode.swift; path = GSAccount.swift; sourceTree = "<group>"; };
		D5F02BC62196785B000C9E38 /* GSTabBarController.swift */ = {isa = PBXFileReference; fileEncoding = 4; lastKnownFileType = sourcecode.swift; path = GSTabBarController.swift; sourceTree = "<group>"; };
		D5F02BC82196785B000C9E38 /* MoyaRequestResource.swift */ = {isa = PBXFileReference; fileEncoding = 4; lastKnownFileType = sourcecode.swift; path = MoyaRequestResource.swift; sourceTree = "<group>"; };
		D5F02BC92196785B000C9E38 /* MoyaTargetType.swift */ = {isa = PBXFileReference; fileEncoding = 4; lastKnownFileType = sourcecode.swift; path = MoyaTargetType.swift; sourceTree = "<group>"; };
		D5F02BCA2196785B000C9E38 /* ToModelExtensions.swift */ = {isa = PBXFileReference; fileEncoding = 4; lastKnownFileType = sourcecode.swift; path = ToModelExtensions.swift; sourceTree = "<group>"; };
		D5F02BD321967951000C9E38 /* CMToolExtension.swift */ = {isa = PBXFileReference; fileEncoding = 4; lastKnownFileType = sourcecode.swift; path = CMToolExtension.swift; sourceTree = "<group>"; };
		D5F02BD921967AF8000C9E38 /* GSMineController.swift */ = {isa = PBXFileReference; lastKnownFileType = sourcecode.swift; path = GSMineController.swift; sourceTree = "<group>"; };
		D5F02BDB21967B08000C9E38 /* GSCartController.swift */ = {isa = PBXFileReference; lastKnownFileType = sourcecode.swift; path = GSCartController.swift; sourceTree = "<group>"; };
		D5F02BDD21967B1C000C9E38 /* GSCategoryController.swift */ = {isa = PBXFileReference; lastKnownFileType = sourcecode.swift; path = GSCategoryController.swift; sourceTree = "<group>"; };
		D5F02BDF21967B2E000C9E38 /* GSHomeController.swift */ = {isa = PBXFileReference; lastKnownFileType = sourcecode.swift; path = GSHomeController.swift; sourceTree = "<group>"; };
		D5F02BE12196BD3B000C9E38 /* ko */ = {isa = PBXFileReference; lastKnownFileType = text.plist.strings; name = ko; path = ko.lproj/Main.strings; sourceTree = "<group>"; };
		D5F02BE22196BD3B000C9E38 /* ko */ = {isa = PBXFileReference; lastKnownFileType = text.plist.strings; name = ko; path = ko.lproj/LaunchScreen.strings; sourceTree = "<group>"; };
		D5F02BE32196BD56000C9E38 /* zh-Hans */ = {isa = PBXFileReference; lastKnownFileType = text.plist.strings; name = "zh-Hans"; path = "zh-Hans.lproj/Main.strings"; sourceTree = "<group>"; };
		D5F02BE42196BD56000C9E38 /* zh-Hans */ = {isa = PBXFileReference; lastKnownFileType = text.plist.strings; name = "zh-Hans"; path = "zh-Hans.lproj/LaunchScreen.strings"; sourceTree = "<group>"; };
		D5F02BE82196BDDC000C9E38 /* en */ = {isa = PBXFileReference; lastKnownFileType = text.plist.strings; name = en; path = en.lproj/Localizable.strings; sourceTree = "<group>"; };
		D5F02BEA2196BDDE000C9E38 /* ko */ = {isa = PBXFileReference; lastKnownFileType = text.plist.strings; name = ko; path = ko.lproj/Localizable.strings; sourceTree = "<group>"; };
		D5F02BEB2196BDE0000C9E38 /* zh-Hans */ = {isa = PBXFileReference; lastKnownFileType = text.plist.strings; name = "zh-Hans"; path = "zh-Hans.lproj/Localizable.strings"; sourceTree = "<group>"; };
		D5F02BEF2196C18B000C9E38 /* en */ = {isa = PBXFileReference; lastKnownFileType = text.plist.strings; name = en; path = en.lproj/InfoPlist.strings; sourceTree = "<group>"; };
		D5F02BF12196C18C000C9E38 /* ko */ = {isa = PBXFileReference; lastKnownFileType = text.plist.strings; name = ko; path = ko.lproj/InfoPlist.strings; sourceTree = "<group>"; };
		D5F02BF22196C18E000C9E38 /* zh-Hans */ = {isa = PBXFileReference; lastKnownFileType = text.plist.strings; name = "zh-Hans"; path = "zh-Hans.lproj/InfoPlist.strings"; sourceTree = "<group>"; };
		D5F02BF42196C813000C9E38 /* GSHomeTopView.swift */ = {isa = PBXFileReference; lastKnownFileType = sourcecode.swift; path = GSHomeTopView.swift; sourceTree = "<group>"; };
		D5F1769921D082720047CF0C /* GSStarView.swift */ = {isa = PBXFileReference; fileEncoding = 4; lastKnownFileType = sourcecode.swift; path = GSStarView.swift; sourceTree = "<group>"; };
		D5F1769B21D22F210047CF0C /* SystemConfiguration.framework */ = {isa = PBXFileReference; lastKnownFileType = wrapper.framework; name = SystemConfiguration.framework; path = System/Library/Frameworks/SystemConfiguration.framework; sourceTree = SDKROOT; };
		D5FC57A12199170400AB19CF /* CellFlowLayout.swift */ = {isa = PBXFileReference; fileEncoding = 4; lastKnownFileType = sourcecode.swift; path = CellFlowLayout.swift; sourceTree = "<group>"; };
		D5FC57A22199170400AB19CF /* CycleCell.swift */ = {isa = PBXFileReference; fileEncoding = 4; lastKnownFileType = sourcecode.swift; path = CycleCell.swift; sourceTree = "<group>"; };
		D5FC57A32199170400AB19CF /* CycleView.swift */ = {isa = PBXFileReference; fileEncoding = 4; lastKnownFileType = sourcecode.swift; path = CycleView.swift; sourceTree = "<group>"; };
		D5FC57A72199281800AB19CF /* GSHomeCateGridTabCell.swift */ = {isa = PBXFileReference; lastKnownFileType = sourcecode.swift; path = GSHomeCateGridTabCell.swift; sourceTree = "<group>"; };
		D5FC57A9219955A700AB19CF /* GSHomeMonoTabCell.swift */ = {isa = PBXFileReference; lastKnownFileType = sourcecode.swift; path = GSHomeMonoTabCell.swift; sourceTree = "<group>"; };
		D5FC57AB2199666200AB19CF /* GSHomeImagesTabCell.swift */ = {isa = PBXFileReference; lastKnownFileType = sourcecode.swift; path = GSHomeImagesTabCell.swift; sourceTree = "<group>"; };
		D5FC57AD2199701D00AB19CF /* GSHomeMustTabCell.swift */ = {isa = PBXFileReference; lastKnownFileType = sourcecode.swift; path = GSHomeMustTabCell.swift; sourceTree = "<group>"; };
		D5FC57B021997C6E00AB19CF /* GSCateIndexCollectView.swift */ = {isa = PBXFileReference; lastKnownFileType = sourcecode.swift; path = GSCateIndexCollectView.swift; sourceTree = "<group>"; };
		D5FC57B221997C9100AB19CF /* GSCateValueColllectView.swift */ = {isa = PBXFileReference; lastKnownFileType = sourcecode.swift; path = GSCateValueColllectView.swift; sourceTree = "<group>"; };
		D5FC57B4219A6C1200AB19CF /* GSCateValueTabCell.swift */ = {isa = PBXFileReference; lastKnownFileType = sourcecode.swift; path = GSCateValueTabCell.swift; sourceTree = "<group>"; };
		D5FC57B7219AAB2700AB19CF /* GSMineOrderStateTabCell.swift */ = {isa = PBXFileReference; lastKnownFileType = sourcecode.swift; path = GSMineOrderStateTabCell.swift; sourceTree = "<group>"; };
		D5FC57B9219AAD3D00AB19CF /* GSMineTopView.swift */ = {isa = PBXFileReference; lastKnownFileType = sourcecode.swift; path = GSMineTopView.swift; sourceTree = "<group>"; };
		D5FC57BB219ABEB300AB19CF /* GSMineServeTabCell.swift */ = {isa = PBXFileReference; lastKnownFileType = sourcecode.swift; path = GSMineServeTabCell.swift; sourceTree = "<group>"; };
		D5FC57BE219ACAAA00AB19CF /* GSCartGoodTabCell.swift */ = {isa = PBXFileReference; lastKnownFileType = sourcecode.swift; path = GSCartGoodTabCell.swift; sourceTree = "<group>"; };
		D5FC57F7219C0A1F00AB19CF /* GSCartCountView.swift */ = {isa = PBXFileReference; lastKnownFileType = sourcecode.swift; path = GSCartCountView.swift; sourceTree = "<group>"; };
		D5FC57F9219D119000AB19CF /* GSCartPricePanelView.swift */ = {isa = PBXFileReference; lastKnownFileType = sourcecode.swift; path = GSCartPricePanelView.swift; sourceTree = "<group>"; };
		D5FC57FC219D52A600AB19CF /* GSGoodDetailedMainController.swift */ = {isa = PBXFileReference; lastKnownFileType = sourcecode.swift; path = GSGoodDetailedMainController.swift; sourceTree = "<group>"; };
		D5FC57FF219E5F5D00AB19CF /* GSGoodDetailedHeadView.swift */ = {isa = PBXFileReference; lastKnownFileType = sourcecode.swift; path = GSGoodDetailedHeadView.swift; sourceTree = "<group>"; };
		D5FC5801219E91CE00AB19CF /* GSGoodInfoTableCell.swift */ = {isa = PBXFileReference; lastKnownFileType = sourcecode.swift; path = GSGoodInfoTableCell.swift; sourceTree = "<group>"; };
		D5FC5803219FFAA600AB19CF /* GSGoodSelectSizeView.swift */ = {isa = PBXFileReference; lastKnownFileType = sourcecode.swift; path = GSGoodSelectSizeView.swift; sourceTree = "<group>"; };
		D5FC580521A0090D00AB19CF /* GSGoodSelectParamaSizeTabCell.swift */ = {isa = PBXFileReference; lastKnownFileType = sourcecode.swift; path = GSGoodSelectParamaSizeTabCell.swift; sourceTree = "<group>"; };
		D5FC580721A2919500AB19CF /* GSGoodBuyAddShopCartView.swift */ = {isa = PBXFileReference; lastKnownFileType = sourcecode.swift; path = GSGoodBuyAddShopCartView.swift; sourceTree = "<group>"; };
		D5FC580921A2A06800AB19CF /* GSAddShopCartTool.swift */ = {isa = PBXFileReference; fileEncoding = 4; lastKnownFileType = sourcecode.swift; path = GSAddShopCartTool.swift; sourceTree = "<group>"; };
		D664145EF64890EE5DA7682F /* Pods-GigaShop.debug.xcconfig */ = {isa = PBXFileReference; includeInIndex = 1; lastKnownFileType = text.xcconfig; name = "Pods-GigaShop.debug.xcconfig"; path = "Pods/Target Support Files/Pods-GigaShop/Pods-GigaShop.debug.xcconfig"; sourceTree = "<group>"; };
		E8C075BA595FD378A5D67E76 /* Pods_GigaShop.framework */ = {isa = PBXFileReference; explicitFileType = wrapper.framework; includeInIndex = 0; path = Pods_GigaShop.framework; sourceTree = BUILT_PRODUCTS_DIR; };
/* End PBXFileReference section */

/* Begin PBXFrameworksBuildPhase section */
		D5F02B8E21967281000C9E38 /* Frameworks */ = {
			isa = PBXFrameworksBuildPhase;
			buildActionMask = 2147483647;
			files = (
				D5F1769C21D22F210047CF0C /* SystemConfiguration.framework in Frameworks */,
				D59B161721CB87B900F9CDA5 /* RealmSwift.framework in Frameworks */,
				CF7B15FF7B1321EE45A736D4 /* Pods_GigaShop.framework in Frameworks */,
				D59B161C21CB884400F9CDA5 /* Realm.framework in Frameworks */,
			);
			runOnlyForDeploymentPostprocessing = 0;
		};
		D5F02BA221967284000C9E38 /* Frameworks */ = {
			isa = PBXFrameworksBuildPhase;
			buildActionMask = 2147483647;
			files = (
				0D277046031F4DDFF6A256B6 /* Pods_GigaShopTests.framework in Frameworks */,
			);
			runOnlyForDeploymentPostprocessing = 0;
		};
		D5F02BAD21967284000C9E38 /* Frameworks */ = {
			isa = PBXFrameworksBuildPhase;
			buildActionMask = 2147483647;
			files = (
				F967FC55A659408DA68E0217 /* Pods_GigaShopUITests.framework in Frameworks */,
			);
			runOnlyForDeploymentPostprocessing = 0;
		};
/* End PBXFrameworksBuildPhase section */

/* Begin PBXGroup section */
		0D38EE74E1ADC035D10AEC7C /* Pods */ = {
			isa = PBXGroup;
			children = (
				D664145EF64890EE5DA7682F /* Pods-GigaShop.debug.xcconfig */,
				3776E0C2A4B45E0688DF0B44 /* Pods-GigaShop.release.xcconfig */,
				95E8A0CF7351E6E59F2DDBA7 /* Pods-GigaShopTests.debug.xcconfig */,
				122EE30EF15E77479B62E739 /* Pods-GigaShopTests.release.xcconfig */,
				2AA60EBEA02BE3D4249A84AF /* Pods-GigaShopUITests.debug.xcconfig */,
				05738806FB8D5AD8FABD82A1 /* Pods-GigaShopUITests.release.xcconfig */,
			);
			name = Pods;
			sourceTree = "<group>";
		};
		8DF6AA24A21CCBC53AA78B38 /* Frameworks */ = {
			isa = PBXGroup;
			children = (
				D5F1769B21D22F210047CF0C /* SystemConfiguration.framework */,
				D59B161A21CB883900F9CDA5 /* Realm.framework */,
				D59B161021CB851000F9CDA5 /* RealmSwift.framework */,
				E8C075BA595FD378A5D67E76 /* Pods_GigaShop.framework */,
				6167DF4B174EDB0B54B84869 /* Pods_GigaShopTests.framework */,
				BCFFE91AE21E0DDE2EA72D30 /* Pods_GigaShopUITests.framework */,
			);
			name = Frameworks;
			sourceTree = "<group>";
		};
		D5128C1F21A3F4C60045AC39 /* CategoryList */ = {
			isa = PBXGroup;
			children = (
				D5128C2221A3FC930045AC39 /* CategoryListSubviews */,
				D5128C2021A3F5DC0045AC39 /* GSCategoryListController.swift */,
			);
			path = CategoryList;
			sourceTree = "<group>";
		};
		D5128C2221A3FC930045AC39 /* CategoryListSubviews */ = {
			isa = PBXGroup;
			children = (
				D5128C2321A406A20045AC39 /* GSCateListConditionView.swift */,
				D5128C2521A40F6F0045AC39 /* GSCategoryListTableCell.swift */,
				D5128C2721A4EE6C0045AC39 /* GSCateListPopSetPriceView.swift */,
			);
			path = CategoryListSubviews;
			sourceTree = "<group>";
		};
		D5F02B8821967281000C9E38 = {
			isa = PBXGroup;
			children = (
				D5128C1E21A3EE4D0045AC39 /* GigaShop-Bridging-Header.h */,
				D5F02B9321967281000C9E38 /* GigaShop */,
				D5F02BA821967284000C9E38 /* GigaShopTests */,
				D5F02BB321967284000C9E38 /* GigaShopUITests */,
				D5F02B9221967281000C9E38 /* Products */,
				0D38EE74E1ADC035D10AEC7C /* Pods */,
				8DF6AA24A21CCBC53AA78B38 /* Frameworks */,
			);
			sourceTree = "<group>";
		};
		D5F02B9221967281000C9E38 /* Products */ = {
			isa = PBXGroup;
			children = (
				D5F02B9121967281000C9E38 /* GigaShop.app */,
				D5F02BA521967284000C9E38 /* GigaShopTests.xctest */,
				D5F02BB021967284000C9E38 /* GigaShopUITests.xctest */,
			);
			name = Products;
			sourceTree = "<group>";
		};
		D5F02B9321967281000C9E38 /* GigaShop */ = {
			isa = PBXGroup;
			children = (
				D5FC579F219916AF00AB19CF /* ThPart */,
				D5F02BD221967951000C9E38 /* Extension */,
				D5F02BC22196785B000C9E38 /* Base */,
				D5F02BC72196785B000C9E38 /* NetWork */,
				D5F02BD521967A50000C9E38 /* Home */,
				D5F02BD621967A59000C9E38 /* Category */,
				D5F02BD721967A72000C9E38 /* Cart */,
				D5F02BD821967A96000C9E38 /* Mine */,
				D5FC57FB219D525200AB19CF /* Goods */,
				D5F02B9421967281000C9E38 /* AppDelegate.swift */,
				D5F02B9621967281000C9E38 /* ViewController.swift */,
				D5F02B9821967281000C9E38 /* Main.storyboard */,
				D5F02B9B21967284000C9E38 /* Assets.xcassets */,
				D5F02B9D21967284000C9E38 /* LaunchScreen.storyboard */,
				D5F02BA021967284000C9E38 /* Info.plist */,
				D5F02BF02196C18B000C9E38 /* InfoPlist.strings */,
				D5F02BE92196BDDC000C9E38 /* Localizable.strings */,
			);
			path = GigaShop;
			sourceTree = "<group>";
		};
		D5F02BA821967284000C9E38 /* GigaShopTests */ = {
			isa = PBXGroup;
			children = (
				D5F02BA921967284000C9E38 /* GigaShopTests.swift */,
				D5F02BAB21967284000C9E38 /* Info.plist */,
			);
			path = GigaShopTests;
			sourceTree = "<group>";
		};
		D5F02BB321967284000C9E38 /* GigaShopUITests */ = {
			isa = PBXGroup;
			children = (
				D5F02BB421967284000C9E38 /* GigaShopUITests.swift */,
				D5F02BB621967284000C9E38 /* Info.plist */,
			);
			path = GigaShopUITests;
			sourceTree = "<group>";
		};
		D5F02BC22196785B000C9E38 /* Base */ = {
			isa = PBXGroup;
			children = (
				D5F02BC32196785B000C9E38 /* Constant.swift */,
				D5F02BC42196785B000C9E38 /* BaseController.swift */,
				D5F02BC52196785B000C9E38 /* GSAccount.swift */,
				D5F02BC62196785B000C9E38 /* GSTabBarController.swift */,
			);
			path = Base;
			sourceTree = "<group>";
		};
		D5F02BC72196785B000C9E38 /* NetWork */ = {
			isa = PBXGroup;
			children = (
				D5F02BC82196785B000C9E38 /* MoyaRequestResource.swift */,
				D5F02BC92196785B000C9E38 /* MoyaTargetType.swift */,
				D5F02BCA2196785B000C9E38 /* ToModelExtensions.swift */,
				D52BD60D21C49B1100435F7E /* ShopGigaModel.swift */,
				D59B161E21CB8AAD00F9CDA5 /* GSRealmObject.swift */,
			);
			path = NetWork;
			sourceTree = "<group>";
		};
		D5F02BD221967951000C9E38 /* Extension */ = {
			isa = PBXGroup;
			children = (
				D5F02BD321967951000C9E38 /* CMToolExtension.swift */,
				D52BD61B21C9D4ED00435F7E /* GSDefinition.swift */,
			);
			path = Extension;
			sourceTree = "<group>";
		};
		D5F02BD521967A50000C9E38 /* Home */ = {
			isa = PBXGroup;
			children = (
				D5F02BF32196C7D2000C9E38 /* HomeSubviews */,
				D5F02BDF21967B2E000C9E38 /* GSHomeController.swift */,
			);
			path = Home;
			sourceTree = "<group>";
		};
		D5F02BD621967A59000C9E38 /* Category */ = {
			isa = PBXGroup;
			children = (
				D5128C1F21A3F4C60045AC39 /* CategoryList */,
				D5FC57AF21997C1900AB19CF /* CategorySubviews */,
				D5F02BDD21967B1C000C9E38 /* GSCategoryController.swift */,
			);
			path = Category;
			sourceTree = "<group>";
		};
		D5F02BD721967A72000C9E38 /* Cart */ = {
			isa = PBXGroup;
			children = (
				D5FC57BD219AC73800AB19CF /* CartSubviews */,
				D5F02BDB21967B08000C9E38 /* GSCartController.swift */,
			);
			path = Cart;
			sourceTree = "<group>";
		};
		D5F02BD821967A96000C9E38 /* Mine */ = {
			isa = PBXGroup;
			children = (
				D5FC57B6219AAADB00AB19CF /* MineSubviews */,
				D5F02BD921967AF8000C9E38 /* GSMineController.swift */,
				D52BD61121C88AF300435F7E /* GSMineParentOrderController.swift */,
				D52BD61321C8C88F00435F7E /* GSMineAllOrderController.swift */,
				D52BD61D21CA179000435F7E /* GSMineCollectionController.swift */,
			);
			path = Mine;
			sourceTree = "<group>";
		};
		D5F02BF32196C7D2000C9E38 /* HomeSubviews */ = {
			isa = PBXGroup;
			children = (
				D5F02BF42196C813000C9E38 /* GSHomeTopView.swift */,
				D5FC57A72199281800AB19CF /* GSHomeCateGridTabCell.swift */,
				D5FC57A9219955A700AB19CF /* GSHomeMonoTabCell.swift */,
				D5FC57AB2199666200AB19CF /* GSHomeImagesTabCell.swift */,
				D5FC57AD2199701D00AB19CF /* GSHomeMustTabCell.swift */,
			);
			path = HomeSubviews;
			sourceTree = "<group>";
		};
		D5FC579F219916AF00AB19CF /* ThPart */ = {
			isa = PBXGroup;
			children = (
				D5FC57A02199170400AB19CF /* CycleView */,
				D5F1769921D082720047CF0C /* GSStarView.swift */,
				D52BD60F21C883F600435F7E /* GSTips.swift */,
			);
			path = ThPart;
			sourceTree = "<group>";
		};
		D5FC57A02199170400AB19CF /* CycleView */ = {
			isa = PBXGroup;
			children = (
				D5FC57A12199170400AB19CF /* CellFlowLayout.swift */,
				D5FC57A22199170400AB19CF /* CycleCell.swift */,
				D5FC57A32199170400AB19CF /* CycleView.swift */,
			);
			path = CycleView;
			sourceTree = "<group>";
		};
		D5FC57AF21997C1900AB19CF /* CategorySubviews */ = {
			isa = PBXGroup;
			children = (
				D5FC57B021997C6E00AB19CF /* GSCateIndexCollectView.swift */,
				D5FC57B221997C9100AB19CF /* GSCateValueColllectView.swift */,
				D5FC57B4219A6C1200AB19CF /* GSCateValueTabCell.swift */,
			);
			path = CategorySubviews;
			sourceTree = "<group>";
		};
		D5FC57B6219AAADB00AB19CF /* MineSubviews */ = {
			isa = PBXGroup;
			children = (
				D5FC57B7219AAB2700AB19CF /* GSMineOrderStateTabCell.swift */,
				D5FC57B9219AAD3D00AB19CF /* GSMineTopView.swift */,
				D5FC57BB219ABEB300AB19CF /* GSMineServeTabCell.swift */,
				D52BD61521C8CC6A00435F7E /* GSMineTableViewOrderCell.swift */,
				D52BD61721C8D13900435F7E /* GSMineSingleTableCell.swift */,
				D52BD61921C8EC3200435F7E /* GSMineCollectionTableCell.swift */,
			);
			path = MineSubviews;
			sourceTree = "<group>";
		};
		D5FC57BD219AC73800AB19CF /* CartSubviews */ = {
			isa = PBXGroup;
			children = (
				D5FC57BE219ACAAA00AB19CF /* GSCartGoodTabCell.swift */,
				D5FC57F7219C0A1F00AB19CF /* GSCartCountView.swift */,
				D5FC57F9219D119000AB19CF /* GSCartPricePanelView.swift */,
			);
			path = CartSubviews;
			sourceTree = "<group>";
		};
		D5FC57FB219D525200AB19CF /* Goods */ = {
			isa = PBXGroup;
			children = (
				D5FC57FC219D52A600AB19CF /* GSGoodDetailedMainController.swift */,
				D5FC57FE219E5DA800AB19CF /* GSGoodDetailedSubviews */,
			);
			path = Goods;
			sourceTree = "<group>";
		};
		D5FC57FE219E5DA800AB19CF /* GSGoodDetailedSubviews */ = {
			isa = PBXGroup;
			children = (
				D5FC57FF219E5F5D00AB19CF /* GSGoodDetailedHeadView.swift */,
				D5FC5801219E91CE00AB19CF /* GSGoodInfoTableCell.swift */,
				D5FC5803219FFAA600AB19CF /* GSGoodSelectSizeView.swift */,
				D5FC580521A0090D00AB19CF /* GSGoodSelectParamaSizeTabCell.swift */,
				D5FC580721A2919500AB19CF /* GSGoodBuyAddShopCartView.swift */,
				D5FC580921A2A06800AB19CF /* GSAddShopCartTool.swift */,
				D5128C1621A2BBAF0045AC39 /* GSGoodCommentTableView.swift */,
				D5128C1821A2BCED0045AC39 /* GSGoodCommetTableCell.swift */,
				D508B69821AB956A00FC3363 /* GSGoodLardCommentTabCell.swift */,
				D5128C1A21A3D6BD0045AC39 /* GSGoodPicBrowerView.swift */,
				D5128C1C21A3DD8A0045AC39 /* GSGoodCommentStar.swift */,
			);
			path = GSGoodDetailedSubviews;
			sourceTree = "<group>";
		};
/* End PBXGroup section */

/* Begin PBXNativeTarget section */
		D5F02B9021967281000C9E38 /* GigaShop */ = {
			isa = PBXNativeTarget;
			buildConfigurationList = D5F02BB921967284000C9E38 /* Build configuration list for PBXNativeTarget "GigaShop" */;
			buildPhases = (
				555E3DF257F465845144EAB2 /* [CP] Check Pods Manifest.lock */,
				D5F02B8D21967281000C9E38 /* Sources */,
				D5F02B8E21967281000C9E38 /* Frameworks */,
				D5F02B8F21967281000C9E38 /* Resources */,
				17235DE716FE3B1FDEE824E8 /* [CP] Embed Pods Frameworks */,
				232057D91BFFCCCE76B3FD79 /* [CP] Copy Pods Resources */,
				D59B161921CB87B900F9CDA5 /* Embed Frameworks */,
			);
			buildRules = (
			);
			dependencies = (
			);
			name = GigaShop;
			productName = GigaShop;
			productReference = D5F02B9121967281000C9E38 /* GigaShop.app */;
			productType = "com.apple.product-type.application";
		};
		D5F02BA421967284000C9E38 /* GigaShopTests */ = {
			isa = PBXNativeTarget;
			buildConfigurationList = D5F02BBC21967284000C9E38 /* Build configuration list for PBXNativeTarget "GigaShopTests" */;
			buildPhases = (
				B27BACD09D719057114FB0C5 /* [CP] Check Pods Manifest.lock */,
				D5F02BA121967284000C9E38 /* Sources */,
				D5F02BA221967284000C9E38 /* Frameworks */,
				D5F02BA321967284000C9E38 /* Resources */,
				B19C18A58487119DF307827B /* [CP] Embed Pods Frameworks */,
				83A3EEC7C54587AFCA093722 /* [CP] Copy Pods Resources */,
			);
			buildRules = (
			);
			dependencies = (
				D5F02BA721967284000C9E38 /* PBXTargetDependency */,
			);
			name = GigaShopTests;
			productName = GigaShopTests;
			productReference = D5F02BA521967284000C9E38 /* GigaShopTests.xctest */;
			productType = "com.apple.product-type.bundle.unit-test";
		};
		D5F02BAF21967284000C9E38 /* GigaShopUITests */ = {
			isa = PBXNativeTarget;
			buildConfigurationList = D5F02BBF21967284000C9E38 /* Build configuration list for PBXNativeTarget "GigaShopUITests" */;
			buildPhases = (
				AD4DDE34FC0C58EC75F38FFC /* [CP] Check Pods Manifest.lock */,
				D5F02BAC21967284000C9E38 /* Sources */,
				D5F02BAD21967284000C9E38 /* Frameworks */,
				D5F02BAE21967284000C9E38 /* Resources */,
				EC6F4BABEE82B51366A0E470 /* [CP] Embed Pods Frameworks */,
				1E56C6AECF731247B6C44323 /* [CP] Copy Pods Resources */,
			);
			buildRules = (
			);
			dependencies = (
				D5F02BB221967284000C9E38 /* PBXTargetDependency */,
			);
			name = GigaShopUITests;
			productName = GigaShopUITests;
			productReference = D5F02BB021967284000C9E38 /* GigaShopUITests.xctest */;
			productType = "com.apple.product-type.bundle.ui-testing";
		};
/* End PBXNativeTarget section */

/* Begin PBXProject section */
		D5F02B8921967281000C9E38 /* Project object */ = {
			isa = PBXProject;
			attributes = {
				LastSwiftUpdateCheck = 1010;
				LastUpgradeCheck = 1010;
				ORGANIZATIONNAME = "GIGA Korea";
				TargetAttributes = {
					D5F02B9021967281000C9E38 = {
						CreatedOnToolsVersion = 10.1;
					};
					D5F02BA421967284000C9E38 = {
						CreatedOnToolsVersion = 10.1;
						TestTargetID = D5F02B9021967281000C9E38;
					};
					D5F02BAF21967284000C9E38 = {
						CreatedOnToolsVersion = 10.1;
						TestTargetID = D5F02B9021967281000C9E38;
					};
				};
			};
			buildConfigurationList = D5F02B8C21967281000C9E38 /* Build configuration list for PBXProject "GigaShop" */;
			compatibilityVersion = "Xcode 9.3";
			developmentRegion = en;
			hasScannedForEncodings = 0;
			knownRegions = (
				en,
				Base,
				ko,
				"zh-Hans",
			);
			mainGroup = D5F02B8821967281000C9E38;
			productRefGroup = D5F02B9221967281000C9E38 /* Products */;
			projectDirPath = "";
			projectRoot = "";
			targets = (
				D5F02B9021967281000C9E38 /* GigaShop */,
				D5F02BA421967284000C9E38 /* GigaShopTests */,
				D5F02BAF21967284000C9E38 /* GigaShopUITests */,
			);
		};
/* End PBXProject section */

/* Begin PBXResourcesBuildPhase section */
		D5F02B8F21967281000C9E38 /* Resources */ = {
			isa = PBXResourcesBuildPhase;
			buildActionMask = 2147483647;
			files = (
				D5F02B9F21967284000C9E38 /* LaunchScreen.storyboard in Resources */,
				D5F02BE72196BDDC000C9E38 /* Localizable.strings in Resources */,
				D5F02B9C21967284000C9E38 /* Assets.xcassets in Resources */,
				D5F02B9A21967281000C9E38 /* Main.storyboard in Resources */,
				D5F02BEE2196C18B000C9E38 /* InfoPlist.strings in Resources */,
			);
			runOnlyForDeploymentPostprocessing = 0;
		};
		D5F02BA321967284000C9E38 /* Resources */ = {
			isa = PBXResourcesBuildPhase;
			buildActionMask = 2147483647;
			files = (
			);
			runOnlyForDeploymentPostprocessing = 0;
		};
		D5F02BAE21967284000C9E38 /* Resources */ = {
			isa = PBXResourcesBuildPhase;
			buildActionMask = 2147483647;
			files = (
			);
			runOnlyForDeploymentPostprocessing = 0;
		};
/* End PBXResourcesBuildPhase section */

/* Begin PBXShellScriptBuildPhase section */
		17235DE716FE3B1FDEE824E8 /* [CP] Embed Pods Frameworks */ = {
			isa = PBXShellScriptBuildPhase;
			buildActionMask = 2147483647;
			files = (
			);
			inputPaths = (
				"${SRCROOT}/Pods/Target Support Files/Pods-GigaShop/Pods-GigaShop-frameworks.sh",
				"${BUILT_PRODUCTS_DIR}/Alamofire/Alamofire.framework",
				"${BUILT_PRODUCTS_DIR}/HandyJSON/HandyJSON.framework",
				"${BUILT_PRODUCTS_DIR}/JRefresh/JRefresh.framework",
				"${BUILT_PRODUCTS_DIR}/Kingfisher/Kingfisher.framework",
				"${BUILT_PRODUCTS_DIR}/Moya/Moya.framework",
				"${BUILT_PRODUCTS_DIR}/ObjectMapper/ObjectMapper.framework",
				"${BUILT_PRODUCTS_DIR}/PYSearch/PYSearch.framework",
				"${BUILT_PRODUCTS_DIR}/PhotoBrowserSwift/PhotoBrowserSwift.framework",
				"${BUILT_PRODUCTS_DIR}/QMUIKit/QMUIKit.framework",
				"${BUILT_PRODUCTS_DIR}/ReachabilitySwift/Reachability.framework",
				"${BUILT_PRODUCTS_DIR}/Result/Result.framework",
				"${BUILT_PRODUCTS_DIR}/RxSwift/RxSwift.framework",
				"${BUILT_PRODUCTS_DIR}/SnapKit/SnapKit.framework",
				"${BUILT_PRODUCTS_DIR}/TYPagerController/TYPagerController.framework",
			);
			name = "[CP] Embed Pods Frameworks";
			outputPaths = (
				"${TARGET_BUILD_DIR}/${FRAMEWORKS_FOLDER_PATH}/Alamofire.framework",
				"${TARGET_BUILD_DIR}/${FRAMEWORKS_FOLDER_PATH}/HandyJSON.framework",
				"${TARGET_BUILD_DIR}/${FRAMEWORKS_FOLDER_PATH}/JRefresh.framework",
				"${TARGET_BUILD_DIR}/${FRAMEWORKS_FOLDER_PATH}/Kingfisher.framework",
				"${TARGET_BUILD_DIR}/${FRAMEWORKS_FOLDER_PATH}/Moya.framework",
				"${TARGET_BUILD_DIR}/${FRAMEWORKS_FOLDER_PATH}/ObjectMapper.framework",
				"${TARGET_BUILD_DIR}/${FRAMEWORKS_FOLDER_PATH}/PYSearch.framework",
				"${TARGET_BUILD_DIR}/${FRAMEWORKS_FOLDER_PATH}/PhotoBrowserSwift.framework",
				"${TARGET_BUILD_DIR}/${FRAMEWORKS_FOLDER_PATH}/QMUIKit.framework",
				"${TARGET_BUILD_DIR}/${FRAMEWORKS_FOLDER_PATH}/Reachability.framework",
				"${TARGET_BUILD_DIR}/${FRAMEWORKS_FOLDER_PATH}/Result.framework",
				"${TARGET_BUILD_DIR}/${FRAMEWORKS_FOLDER_PATH}/RxSwift.framework",
				"${TARGET_BUILD_DIR}/${FRAMEWORKS_FOLDER_PATH}/SnapKit.framework",
				"${TARGET_BUILD_DIR}/${FRAMEWORKS_FOLDER_PATH}/TYPagerController.framework",
			);
			runOnlyForDeploymentPostprocessing = 0;
			shellPath = /bin/sh;
			shellScript = "\"${SRCROOT}/Pods/Target Support Files/Pods-GigaShop/Pods-GigaShop-frameworks.sh\"\n";
			showEnvVarsInLog = 0;
		};
		1E56C6AECF731247B6C44323 /* [CP] Copy Pods Resources */ = {
			isa = PBXShellScriptBuildPhase;
			buildActionMask = 2147483647;
			files = (
			);
			inputPaths = (
			);
			name = "[CP] Copy Pods Resources";
			outputPaths = (
			);
			runOnlyForDeploymentPostprocessing = 0;
			shellPath = /bin/sh;
			shellScript = "\"${SRCROOT}/Pods/Target Support Files/Pods-GigaShopUITests/Pods-GigaShopUITests-resources.sh\"\n";
			showEnvVarsInLog = 0;
		};
		232057D91BFFCCCE76B3FD79 /* [CP] Copy Pods Resources */ = {
			isa = PBXShellScriptBuildPhase;
			buildActionMask = 2147483647;
			files = (
			);
			inputPaths = (
			);
			name = "[CP] Copy Pods Resources";
			outputPaths = (
			);
			runOnlyForDeploymentPostprocessing = 0;
			shellPath = /bin/sh;
			shellScript = "\"${SRCROOT}/Pods/Target Support Files/Pods-GigaShop/Pods-GigaShop-resources.sh\"\n";
			showEnvVarsInLog = 0;
		};
		555E3DF257F465845144EAB2 /* [CP] Check Pods Manifest.lock */ = {
			isa = PBXShellScriptBuildPhase;
			buildActionMask = 2147483647;
			files = (
			);
			inputPaths = (
				"${PODS_PODFILE_DIR_PATH}/Podfile.lock",
				"${PODS_ROOT}/Manifest.lock",
			);
			name = "[CP] Check Pods Manifest.lock";
			outputPaths = (
				"$(DERIVED_FILE_DIR)/Pods-GigaShop-checkManifestLockResult.txt",
			);
			runOnlyForDeploymentPostprocessing = 0;
			shellPath = /bin/sh;
			shellScript = "diff \"${PODS_PODFILE_DIR_PATH}/Podfile.lock\" \"${PODS_ROOT}/Manifest.lock\" > /dev/null\nif [ $? != 0 ] ; then\n    # print error to STDERR\n    echo \"error: The sandbox is not in sync with the Podfile.lock. Run 'pod install' or update your CocoaPods installation.\" >&2\n    exit 1\nfi\n# This output is used by Xcode 'outputs' to avoid re-running this script phase.\necho \"SUCCESS\" > \"${SCRIPT_OUTPUT_FILE_0}\"\n";
			showEnvVarsInLog = 0;
		};
		83A3EEC7C54587AFCA093722 /* [CP] Copy Pods Resources */ = {
			isa = PBXShellScriptBuildPhase;
			buildActionMask = 2147483647;
			files = (
			);
			inputPaths = (
			);
			name = "[CP] Copy Pods Resources";
			outputPaths = (
			);
			runOnlyForDeploymentPostprocessing = 0;
			shellPath = /bin/sh;
			shellScript = "\"${SRCROOT}/Pods/Target Support Files/Pods-GigaShopTests/Pods-GigaShopTests-resources.sh\"\n";
			showEnvVarsInLog = 0;
		};
		AD4DDE34FC0C58EC75F38FFC /* [CP] Check Pods Manifest.lock */ = {
			isa = PBXShellScriptBuildPhase;
			buildActionMask = 2147483647;
			files = (
			);
			inputPaths = (
				"${PODS_PODFILE_DIR_PATH}/Podfile.lock",
				"${PODS_ROOT}/Manifest.lock",
			);
			name = "[CP] Check Pods Manifest.lock";
			outputPaths = (
				"$(DERIVED_FILE_DIR)/Pods-GigaShopUITests-checkManifestLockResult.txt",
			);
			runOnlyForDeploymentPostprocessing = 0;
			shellPath = /bin/sh;
			shellScript = "diff \"${PODS_PODFILE_DIR_PATH}/Podfile.lock\" \"${PODS_ROOT}/Manifest.lock\" > /dev/null\nif [ $? != 0 ] ; then\n    # print error to STDERR\n    echo \"error: The sandbox is not in sync with the Podfile.lock. Run 'pod install' or update your CocoaPods installation.\" >&2\n    exit 1\nfi\n# This output is used by Xcode 'outputs' to avoid re-running this script phase.\necho \"SUCCESS\" > \"${SCRIPT_OUTPUT_FILE_0}\"\n";
			showEnvVarsInLog = 0;
		};
		B19C18A58487119DF307827B /* [CP] Embed Pods Frameworks */ = {
			isa = PBXShellScriptBuildPhase;
			buildActionMask = 2147483647;
			files = (
			);
			inputPaths = (
			);
			name = "[CP] Embed Pods Frameworks";
			outputPaths = (
			);
			runOnlyForDeploymentPostprocessing = 0;
			shellPath = /bin/sh;
			shellScript = "\"${SRCROOT}/Pods/Target Support Files/Pods-GigaShopTests/Pods-GigaShopTests-frameworks.sh\"\n";
			showEnvVarsInLog = 0;
		};
		B27BACD09D719057114FB0C5 /* [CP] Check Pods Manifest.lock */ = {
			isa = PBXShellScriptBuildPhase;
			buildActionMask = 2147483647;
			files = (
			);
			inputPaths = (
				"${PODS_PODFILE_DIR_PATH}/Podfile.lock",
				"${PODS_ROOT}/Manifest.lock",
			);
			name = "[CP] Check Pods Manifest.lock";
			outputPaths = (
				"$(DERIVED_FILE_DIR)/Pods-GigaShopTests-checkManifestLockResult.txt",
			);
			runOnlyForDeploymentPostprocessing = 0;
			shellPath = /bin/sh;
			shellScript = "diff \"${PODS_PODFILE_DIR_PATH}/Podfile.lock\" \"${PODS_ROOT}/Manifest.lock\" > /dev/null\nif [ $? != 0 ] ; then\n    # print error to STDERR\n    echo \"error: The sandbox is not in sync with the Podfile.lock. Run 'pod install' or update your CocoaPods installation.\" >&2\n    exit 1\nfi\n# This output is used by Xcode 'outputs' to avoid re-running this script phase.\necho \"SUCCESS\" > \"${SCRIPT_OUTPUT_FILE_0}\"\n";
			showEnvVarsInLog = 0;
		};
		EC6F4BABEE82B51366A0E470 /* [CP] Embed Pods Frameworks */ = {
			isa = PBXShellScriptBuildPhase;
			buildActionMask = 2147483647;
			files = (
			);
			inputPaths = (
			);
			name = "[CP] Embed Pods Frameworks";
			outputPaths = (
			);
			runOnlyForDeploymentPostprocessing = 0;
			shellPath = /bin/sh;
			shellScript = "\"${SRCROOT}/Pods/Target Support Files/Pods-GigaShopUITests/Pods-GigaShopUITests-frameworks.sh\"\n";
			showEnvVarsInLog = 0;
		};
/* End PBXShellScriptBuildPhase section */

/* Begin PBXSourcesBuildPhase section */
		D5F02B8D21967281000C9E38 /* Sources */ = {
			isa = PBXSourcesBuildPhase;
			buildActionMask = 2147483647;
			files = (
				D5128C2121A3F5DC0045AC39 /* GSCategoryListController.swift in Sources */,
				D52BD60E21C49B1100435F7E /* ShopGigaModel.swift in Sources */,
				D5F02BE021967B2E000C9E38 /* GSHomeController.swift in Sources */,
				D5FC5804219FFAA700AB19CF /* GSGoodSelectSizeView.swift in Sources */,
				D52BD61621C8CC6A00435F7E /* GSMineTableViewOrderCell.swift in Sources */,
				D5F02B9721967281000C9E38 /* ViewController.swift in Sources */,
				D5F02BDC21967B08000C9E38 /* GSCartController.swift in Sources */,
				D5F02BCD2196785B000C9E38 /* GSAccount.swift in Sources */,
				D5F02B9521967281000C9E38 /* AppDelegate.swift in Sources */,
				D5FC57FA219D119000AB19CF /* GSCartPricePanelView.swift in Sources */,
				D5FC57A42199170400AB19CF /* CellFlowLayout.swift in Sources */,
				D5FC580621A0090D00AB19CF /* GSGoodSelectParamaSizeTabCell.swift in Sources */,
				D5F02BCE2196785B000C9E38 /* GSTabBarController.swift in Sources */,
				D5F02BCC2196785B000C9E38 /* BaseController.swift in Sources */,
				D5FC57A82199281800AB19CF /* GSHomeCateGridTabCell.swift in Sources */,
				D5FC5800219E5F5D00AB19CF /* GSGoodDetailedHeadView.swift in Sources */,
				D5FC57B321997C9100AB19CF /* GSCateValueColllectView.swift in Sources */,
				D5FC57BC219ABEB300AB19CF /* GSMineServeTabCell.swift in Sources */,
				D5128C1B21A3D6BD0045AC39 /* GSGoodPicBrowerView.swift in Sources */,
				D5F02BDE21967B1C000C9E38 /* GSCategoryController.swift in Sources */,
				D5FC57A62199170400AB19CF /* CycleView.swift in Sources */,
				D508B69921AB956A00FC3363 /* GSGoodLardCommentTabCell.swift in Sources */,
				D52BD61221C88AF300435F7E /* GSMineParentOrderController.swift in Sources */,
				D5FC57BF219ACAAA00AB19CF /* GSCartGoodTabCell.swift in Sources */,
				D5F02BCF2196785B000C9E38 /* MoyaRequestResource.swift in Sources */,
				D5128C2621A40F6F0045AC39 /* GSCategoryListTableCell.swift in Sources */,
				D5FC580A21A2A06800AB19CF /* GSAddShopCartTool.swift in Sources */,
				D5FC57B121997C6E00AB19CF /* GSCateIndexCollectView.swift in Sources */,
				D5FC57BA219AAD3D00AB19CF /* GSMineTopView.swift in Sources */,
				D5128C1721A2BBAF0045AC39 /* GSGoodCommentTableView.swift in Sources */,
				D5F02BF52196C813000C9E38 /* GSHomeTopView.swift in Sources */,
				D5F02BDA21967AF8000C9E38 /* GSMineController.swift in Sources */,
				D5F02BD02196785B000C9E38 /* MoyaTargetType.swift in Sources */,
				D5FC57F8219C0A2000AB19CF /* GSCartCountView.swift in Sources */,
				D5FC580821A2919500AB19CF /* GSGoodBuyAddShopCartView.swift in Sources */,
				D5FC5802219E91CE00AB19CF /* GSGoodInfoTableCell.swift in Sources */,
				D52BD61C21C9D4ED00435F7E /* GSDefinition.swift in Sources */,
				D5FC57B8219AAB2700AB19CF /* GSMineOrderStateTabCell.swift in Sources */,
				D5128C1921A2BCED0045AC39 /* GSGoodCommetTableCell.swift in Sources */,
				D5FC57AE2199701D00AB19CF /* GSHomeMustTabCell.swift in Sources */,
				D52BD61421C8C88F00435F7E /* GSMineAllOrderController.swift in Sources */,
				D5F02BD421967952000C9E38 /* CMToolExtension.swift in Sources */,
				D5128C1D21A3DD8A0045AC39 /* GSGoodCommentStar.swift in Sources */,
				D52BD61A21C8EC3200435F7E /* GSMineCollectionTableCell.swift in Sources */,
				D5FC57FD219D52A600AB19CF /* GSGoodDetailedMainController.swift in Sources */,
				D5128C2421A406A20045AC39 /* GSCateListConditionView.swift in Sources */,
				D5FC57B5219A6C1200AB19CF /* GSCateValueTabCell.swift in Sources */,
				D52BD61821C8D13900435F7E /* GSMineSingleTableCell.swift in Sources */,
				D5128C2821A4EE6C0045AC39 /* GSCateListPopSetPriceView.swift in Sources */,
				D5FC57A52199170400AB19CF /* CycleCell.swift in Sources */,
				D5F02BD12196785B000C9E38 /* ToModelExtensions.swift in Sources */,
				D5FC57AC2199666200AB19CF /* GSHomeImagesTabCell.swift in Sources */,
				D52BD61E21CA179000435F7E /* GSMineCollectionController.swift in Sources */,
				D52BD61021C883F600435F7E /* GSTips.swift in Sources */,
				D5F02BCB2196785B000C9E38 /* Constant.swift in Sources */,
				D59B161F21CB8AAD00F9CDA5 /* GSRealmObject.swift in Sources */,
				D5F1769A21D082720047CF0C /* GSStarView.swift in Sources */,
				D5FC57AA219955A700AB19CF /* GSHomeMonoTabCell.swift in Sources */,
			);
			runOnlyForDeploymentPostprocessing = 0;
		};
		D5F02BA121967284000C9E38 /* Sources */ = {
			isa = PBXSourcesBuildPhase;
			buildActionMask = 2147483647;
			files = (
				D5F02BAA21967284000C9E38 /* GigaShopTests.swift in Sources */,
			);
			runOnlyForDeploymentPostprocessing = 0;
		};
		D5F02BAC21967284000C9E38 /* Sources */ = {
			isa = PBXSourcesBuildPhase;
			buildActionMask = 2147483647;
			files = (
				D5F02BB521967284000C9E38 /* GigaShopUITests.swift in Sources */,
			);
			runOnlyForDeploymentPostprocessing = 0;
		};
/* End PBXSourcesBuildPhase section */

/* Begin PBXTargetDependency section */
		D5F02BA721967284000C9E38 /* PBXTargetDependency */ = {
			isa = PBXTargetDependency;
			target = D5F02B9021967281000C9E38 /* GigaShop */;
			targetProxy = D5F02BA621967284000C9E38 /* PBXContainerItemProxy */;
		};
		D5F02BB221967284000C9E38 /* PBXTargetDependency */ = {
			isa = PBXTargetDependency;
			target = D5F02B9021967281000C9E38 /* GigaShop */;
			targetProxy = D5F02BB121967284000C9E38 /* PBXContainerItemProxy */;
		};
/* End PBXTargetDependency section */

/* Begin PBXVariantGroup section */
		D5F02B9821967281000C9E38 /* Main.storyboard */ = {
			isa = PBXVariantGroup;
			children = (
				D5F02B9921967281000C9E38 /* Base */,
				D5F02BE12196BD3B000C9E38 /* ko */,
				D5F02BE32196BD56000C9E38 /* zh-Hans */,
			);
			name = Main.storyboard;
			sourceTree = "<group>";
		};
		D5F02B9D21967284000C9E38 /* LaunchScreen.storyboard */ = {
			isa = PBXVariantGroup;
			children = (
				D5F02B9E21967284000C9E38 /* Base */,
				D5F02BE22196BD3B000C9E38 /* ko */,
				D5F02BE42196BD56000C9E38 /* zh-Hans */,
			);
			name = LaunchScreen.storyboard;
			sourceTree = "<group>";
		};
		D5F02BE92196BDDC000C9E38 /* Localizable.strings */ = {
			isa = PBXVariantGroup;
			children = (
				D5F02BE82196BDDC000C9E38 /* en */,
				D5F02BEA2196BDDE000C9E38 /* ko */,
				D5F02BEB2196BDE0000C9E38 /* zh-Hans */,
			);
			name = Localizable.strings;
			sourceTree = "<group>";
		};
		D5F02BF02196C18B000C9E38 /* InfoPlist.strings */ = {
			isa = PBXVariantGroup;
			children = (
				D5F02BEF2196C18B000C9E38 /* en */,
				D5F02BF12196C18C000C9E38 /* ko */,
				D5F02BF22196C18E000C9E38 /* zh-Hans */,
			);
			name = InfoPlist.strings;
			sourceTree = "<group>";
		};
/* End PBXVariantGroup section */

/* Begin XCBuildConfiguration section */
		D5F02BB721967284000C9E38 /* Debug */ = {
			isa = XCBuildConfiguration;
			buildSettings = {
				ALWAYS_SEARCH_USER_PATHS = NO;
				CLANG_ANALYZER_LOCALIZABILITY_NONLOCALIZED = YES;
				CLANG_ANALYZER_NONNULL = YES;
				CLANG_ANALYZER_NUMBER_OBJECT_CONVERSION = YES_AGGRESSIVE;
				CLANG_CXX_LANGUAGE_STANDARD = "gnu++14";
				CLANG_CXX_LIBRARY = "libc++";
				CLANG_ENABLE_MODULES = YES;
				CLANG_ENABLE_OBJC_ARC = YES;
				CLANG_ENABLE_OBJC_WEAK = YES;
				CLANG_WARN_BLOCK_CAPTURE_AUTORELEASING = YES;
				CLANG_WARN_BOOL_CONVERSION = YES;
				CLANG_WARN_COMMA = YES;
				CLANG_WARN_CONSTANT_CONVERSION = YES;
				CLANG_WARN_DEPRECATED_OBJC_IMPLEMENTATIONS = YES;
				CLANG_WARN_DIRECT_OBJC_ISA_USAGE = YES_ERROR;
				CLANG_WARN_DOCUMENTATION_COMMENTS = YES;
				CLANG_WARN_EMPTY_BODY = YES;
				CLANG_WARN_ENUM_CONVERSION = YES;
				CLANG_WARN_INFINITE_RECURSION = YES;
				CLANG_WARN_INT_CONVERSION = YES;
				CLANG_WARN_NON_LITERAL_NULL_CONVERSION = YES;
				CLANG_WARN_OBJC_IMPLICIT_RETAIN_SELF = YES;
				CLANG_WARN_OBJC_LITERAL_CONVERSION = YES;
				CLANG_WARN_OBJC_ROOT_CLASS = YES_ERROR;
				CLANG_WARN_RANGE_LOOP_ANALYSIS = YES;
				CLANG_WARN_STRICT_PROTOTYPES = YES;
				CLANG_WARN_SUSPICIOUS_MOVE = YES;
				CLANG_WARN_UNGUARDED_AVAILABILITY = YES_AGGRESSIVE;
				CLANG_WARN_UNREACHABLE_CODE = YES;
				CLANG_WARN__DUPLICATE_METHOD_MATCH = YES;
				CODE_SIGN_IDENTITY = "iPhone Developer";
				COPY_PHASE_STRIP = NO;
				DEBUG_INFORMATION_FORMAT = dwarf;
				ENABLE_STRICT_OBJC_MSGSEND = YES;
				ENABLE_TESTABILITY = YES;
				GCC_C_LANGUAGE_STANDARD = gnu11;
				GCC_DYNAMIC_NO_PIC = NO;
				GCC_NO_COMMON_BLOCKS = YES;
				GCC_OPTIMIZATION_LEVEL = 0;
				GCC_PREPROCESSOR_DEFINITIONS = (
					"DEBUG=1",
					"$(inherited)",
				);
				GCC_WARN_64_TO_32_BIT_CONVERSION = YES;
				GCC_WARN_ABOUT_RETURN_TYPE = YES_ERROR;
				GCC_WARN_UNDECLARED_SELECTOR = YES;
				GCC_WARN_UNINITIALIZED_AUTOS = YES_AGGRESSIVE;
				GCC_WARN_UNUSED_FUNCTION = YES;
				GCC_WARN_UNUSED_VARIABLE = YES;
				IPHONEOS_DEPLOYMENT_TARGET = 10.0;
				MTL_ENABLE_DEBUG_INFO = INCLUDE_SOURCE;
				MTL_FAST_MATH = YES;
				ONLY_ACTIVE_ARCH = YES;
				SDKROOT = iphoneos;
				SWIFT_ACTIVE_COMPILATION_CONDITIONS = DEBUG;
				SWIFT_OBJC_BRIDGING_HEADER = "GigaShop-Bridging-Header.h";
				SWIFT_OPTIMIZATION_LEVEL = "-Onone";
			};
			name = Debug;
		};
		D5F02BB821967284000C9E38 /* Release */ = {
			isa = XCBuildConfiguration;
			buildSettings = {
				ALWAYS_SEARCH_USER_PATHS = NO;
				CLANG_ANALYZER_LOCALIZABILITY_NONLOCALIZED = YES;
				CLANG_ANALYZER_NONNULL = YES;
				CLANG_ANALYZER_NUMBER_OBJECT_CONVERSION = YES_AGGRESSIVE;
				CLANG_CXX_LANGUAGE_STANDARD = "gnu++14";
				CLANG_CXX_LIBRARY = "libc++";
				CLANG_ENABLE_MODULES = YES;
				CLANG_ENABLE_OBJC_ARC = YES;
				CLANG_ENABLE_OBJC_WEAK = YES;
				CLANG_WARN_BLOCK_CAPTURE_AUTORELEASING = YES;
				CLANG_WARN_BOOL_CONVERSION = YES;
				CLANG_WARN_COMMA = YES;
				CLANG_WARN_CONSTANT_CONVERSION = YES;
				CLANG_WARN_DEPRECATED_OBJC_IMPLEMENTATIONS = YES;
				CLANG_WARN_DIRECT_OBJC_ISA_USAGE = YES_ERROR;
				CLANG_WARN_DOCUMENTATION_COMMENTS = YES;
				CLANG_WARN_EMPTY_BODY = YES;
				CLANG_WARN_ENUM_CONVERSION = YES;
				CLANG_WARN_INFINITE_RECURSION = YES;
				CLANG_WARN_INT_CONVERSION = YES;
				CLANG_WARN_NON_LITERAL_NULL_CONVERSION = YES;
				CLANG_WARN_OBJC_IMPLICIT_RETAIN_SELF = YES;
				CLANG_WARN_OBJC_LITERAL_CONVERSION = YES;
				CLANG_WARN_OBJC_ROOT_CLASS = YES_ERROR;
				CLANG_WARN_RANGE_LOOP_ANALYSIS = YES;
				CLANG_WARN_STRICT_PROTOTYPES = YES;
				CLANG_WARN_SUSPICIOUS_MOVE = YES;
				CLANG_WARN_UNGUARDED_AVAILABILITY = YES_AGGRESSIVE;
				CLANG_WARN_UNREACHABLE_CODE = YES;
				CLANG_WARN__DUPLICATE_METHOD_MATCH = YES;
				CODE_SIGN_IDENTITY = "iPhone Developer";
				COPY_PHASE_STRIP = NO;
				DEBUG_INFORMATION_FORMAT = "dwarf-with-dsym";
				ENABLE_NS_ASSERTIONS = NO;
				ENABLE_STRICT_OBJC_MSGSEND = YES;
				GCC_C_LANGUAGE_STANDARD = gnu11;
				GCC_NO_COMMON_BLOCKS = YES;
				GCC_WARN_64_TO_32_BIT_CONVERSION = YES;
				GCC_WARN_ABOUT_RETURN_TYPE = YES_ERROR;
				GCC_WARN_UNDECLARED_SELECTOR = YES;
				GCC_WARN_UNINITIALIZED_AUTOS = YES_AGGRESSIVE;
				GCC_WARN_UNUSED_FUNCTION = YES;
				GCC_WARN_UNUSED_VARIABLE = YES;
				IPHONEOS_DEPLOYMENT_TARGET = 10.0;
				MTL_ENABLE_DEBUG_INFO = NO;
				MTL_FAST_MATH = YES;
				SDKROOT = iphoneos;
				SWIFT_COMPILATION_MODE = wholemodule;
				SWIFT_OBJC_BRIDGING_HEADER = "GigaShop-Bridging-Header.h";
				SWIFT_OPTIMIZATION_LEVEL = "-O";
				VALIDATE_PRODUCT = YES;
			};
			name = Release;
		};
		D5F02BBA21967284000C9E38 /* Debug */ = {
			isa = XCBuildConfiguration;
			baseConfigurationReference = D664145EF64890EE5DA7682F /* Pods-GigaShop.debug.xcconfig */;
			buildSettings = {
				ASSETCATALOG_COMPILER_APPICON_NAME = AppIcon;
				CODE_SIGN_STYLE = Automatic;
				DEVELOPMENT_TEAM = RY4WY3W6MH;
				FRAMEWORK_SEARCH_PATHS = (
					"$(inherited)",
					"$(PROJECT_DIR)",
				);
				INFOPLIST_FILE = GigaShop/Info.plist;
				IPHONEOS_DEPLOYMENT_TARGET = 12.0;
				LD_RUNPATH_SEARCH_PATHS = (
					"$(inherited)",
					"@executable_path/Frameworks",
				);
				PRODUCT_BUNDLE_IDENTIFIER = kr.co.gigait.GigaShop;
				PRODUCT_NAME = "$(TARGET_NAME)";
				SWIFT_VERSION = 4.2;
				TARGETED_DEVICE_FAMILY = "1,2";
			};
			name = Debug;
		};
		D5F02BBB21967284000C9E38 /* Release */ = {
			isa = XCBuildConfiguration;
			baseConfigurationReference = 3776E0C2A4B45E0688DF0B44 /* Pods-GigaShop.release.xcconfig */;
			buildSettings = {
				ASSETCATALOG_COMPILER_APPICON_NAME = AppIcon;
				CODE_SIGN_STYLE = Automatic;
				DEVELOPMENT_TEAM = RY4WY3W6MH;
				FRAMEWORK_SEARCH_PATHS = (
					"$(inherited)",
					"$(PROJECT_DIR)",
				);
				INFOPLIST_FILE = GigaShop/Info.plist;
				IPHONEOS_DEPLOYMENT_TARGET = 12.0;
				LD_RUNPATH_SEARCH_PATHS = (
					"$(inherited)",
					"@executable_path/Frameworks",
				);
				PRODUCT_BUNDLE_IDENTIFIER = kr.co.gigait.GigaShop;
				PRODUCT_NAME = "$(TARGET_NAME)";
				SWIFT_VERSION = 4.2;
				TARGETED_DEVICE_FAMILY = "1,2";
			};
			name = Release;
		};
		D5F02BBD21967284000C9E38 /* Debug */ = {
			isa = XCBuildConfiguration;
			baseConfigurationReference = 95E8A0CF7351E6E59F2DDBA7 /* Pods-GigaShopTests.debug.xcconfig */;
			buildSettings = {
				ALWAYS_EMBED_SWIFT_STANDARD_LIBRARIES = YES;
				BUNDLE_LOADER = "$(TEST_HOST)";
				CODE_SIGN_STYLE = Automatic;
				DEVELOPMENT_TEAM = RY4WY3W6MH;
				INFOPLIST_FILE = GigaShopTests/Info.plist;
				LD_RUNPATH_SEARCH_PATHS = (
					"$(inherited)",
					"@executable_path/Frameworks",
					"@loader_path/Frameworks",
				);
				PRODUCT_BUNDLE_IDENTIFIER = kr.co.gigait.GigaShopTests;
				PRODUCT_NAME = "$(TARGET_NAME)";
				SWIFT_VERSION = 4.2;
				TARGETED_DEVICE_FAMILY = "1,2";
				TEST_HOST = "$(BUILT_PRODUCTS_DIR)/GigaShop.app/GigaShop";
			};
			name = Debug;
		};
		D5F02BBE21967284000C9E38 /* Release */ = {
			isa = XCBuildConfiguration;
			baseConfigurationReference = 122EE30EF15E77479B62E739 /* Pods-GigaShopTests.release.xcconfig */;
			buildSettings = {
				ALWAYS_EMBED_SWIFT_STANDARD_LIBRARIES = YES;
				BUNDLE_LOADER = "$(TEST_HOST)";
				CODE_SIGN_STYLE = Automatic;
				DEVELOPMENT_TEAM = RY4WY3W6MH;
				INFOPLIST_FILE = GigaShopTests/Info.plist;
				LD_RUNPATH_SEARCH_PATHS = (
					"$(inherited)",
					"@executable_path/Frameworks",
					"@loader_path/Frameworks",
				);
				PRODUCT_BUNDLE_IDENTIFIER = kr.co.gigait.GigaShopTests;
				PRODUCT_NAME = "$(TARGET_NAME)";
				SWIFT_VERSION = 4.2;
				TARGETED_DEVICE_FAMILY = "1,2";
				TEST_HOST = "$(BUILT_PRODUCTS_DIR)/GigaShop.app/GigaShop";
			};
			name = Release;
		};
		D5F02BC021967284000C9E38 /* Debug */ = {
			isa = XCBuildConfiguration;
			baseConfigurationReference = 2AA60EBEA02BE3D4249A84AF /* Pods-GigaShopUITests.debug.xcconfig */;
			buildSettings = {
				ALWAYS_EMBED_SWIFT_STANDARD_LIBRARIES = YES;
				CODE_SIGN_STYLE = Automatic;
				DEVELOPMENT_TEAM = RY4WY3W6MH;
				INFOPLIST_FILE = GigaShopUITests/Info.plist;
				LD_RUNPATH_SEARCH_PATHS = (
					"$(inherited)",
					"@executable_path/Frameworks",
					"@loader_path/Frameworks",
				);
				PRODUCT_BUNDLE_IDENTIFIER = kr.co.gigait.GigaShopUITests;
				PRODUCT_NAME = "$(TARGET_NAME)";
				SWIFT_VERSION = 4.2;
				TARGETED_DEVICE_FAMILY = "1,2";
				TEST_TARGET_NAME = GigaShop;
			};
			name = Debug;
		};
		D5F02BC121967284000C9E38 /* Release */ = {
			isa = XCBuildConfiguration;
			baseConfigurationReference = 05738806FB8D5AD8FABD82A1 /* Pods-GigaShopUITests.release.xcconfig */;
			buildSettings = {
				ALWAYS_EMBED_SWIFT_STANDARD_LIBRARIES = YES;
				CODE_SIGN_STYLE = Automatic;
				DEVELOPMENT_TEAM = RY4WY3W6MH;
				INFOPLIST_FILE = GigaShopUITests/Info.plist;
				LD_RUNPATH_SEARCH_PATHS = (
					"$(inherited)",
					"@executable_path/Frameworks",
					"@loader_path/Frameworks",
				);
				PRODUCT_BUNDLE_IDENTIFIER = kr.co.gigait.GigaShopUITests;
				PRODUCT_NAME = "$(TARGET_NAME)";
				SWIFT_VERSION = 4.2;
				TARGETED_DEVICE_FAMILY = "1,2";
				TEST_TARGET_NAME = GigaShop;
			};
			name = Release;
		};
/* End XCBuildConfiguration section */

/* Begin XCConfigurationList section */
		D5F02B8C21967281000C9E38 /* Build configuration list for PBXProject "GigaShop" */ = {
			isa = XCConfigurationList;
			buildConfigurations = (
				D5F02BB721967284000C9E38 /* Debug */,
				D5F02BB821967284000C9E38 /* Release */,
			);
			defaultConfigurationIsVisible = 0;
			defaultConfigurationName = Release;
		};
		D5F02BB921967284000C9E38 /* Build configuration list for PBXNativeTarget "GigaShop" */ = {
			isa = XCConfigurationList;
			buildConfigurations = (
				D5F02BBA21967284000C9E38 /* Debug */,
				D5F02BBB21967284000C9E38 /* Release */,
			);
			defaultConfigurationIsVisible = 0;
			defaultConfigurationName = Release;
		};
		D5F02BBC21967284000C9E38 /* Build configuration list for PBXNativeTarget "GigaShopTests" */ = {
			isa = XCConfigurationList;
			buildConfigurations = (
				D5F02BBD21967284000C9E38 /* Debug */,
				D5F02BBE21967284000C9E38 /* Release */,
			);
			defaultConfigurationIsVisible = 0;
			defaultConfigurationName = Release;
		};
		D5F02BBF21967284000C9E38 /* Build configuration list for PBXNativeTarget "GigaShopUITests" */ = {
			isa = XCConfigurationList;
			buildConfigurations = (
				D5F02BC021967284000C9E38 /* Debug */,
				D5F02BC121967284000C9E38 /* Release */,
			);
			defaultConfigurationIsVisible = 0;
			defaultConfigurationName = Release;
		};
/* End XCConfigurationList section */
	};
	rootObject = D5F02B8921967281000C9E38 /* Project object */;
}
